// !$*UTF8*$!
{
	archiveVersion = 1;
	classes = {
	};
	objectVersion = 46;
	objects = {

/* Begin PBXBuildFile section */
		401ED9751C5BE1F3006CFBBB /* AverageCurrency.m in Sources */ = {isa = PBXBuildFile; fileRef = 401ED9701C5BE1F3006CFBBB /* AverageCurrency.m */; };
		401ED9761C5BE1F3006CFBBB /* Fetcher.m in Sources */ = {isa = PBXBuildFile; fileRef = 401ED9721C5BE1F3006CFBBB /* Fetcher.m */; };
		401ED9771C5BE1F3006CFBBB /* ReportDataForTable.m in Sources */ = {isa = PBXBuildFile; fileRef = 401ED9741C5BE1F3006CFBBB /* ReportDataForTable.m */; };
		401ED9791C5F53F9006CFBBB /* MessageUI.framework in Frameworks */ = {isa = PBXBuildFile; fileRef = 401ED9781C5F53F9006CFBBB /* MessageUI.framework */; };
		401EDA051C60F930006CFBBB /* MSWeakTimer.m in Sources */ = {isa = PBXBuildFile; fileRef = 401EDA041C60F930006CFBBB /* MSWeakTimer.m */; };
		401EDA511C63B7AC006CFBBB /* MetalData.m in Sources */ = {isa = PBXBuildFile; fileRef = 401EDA4B1C63B7AC006CFBBB /* MetalData.m */; };
		401EDA531C63B7AC006CFBBB /* Prices.m in Sources */ = {isa = PBXBuildFile; fileRef = 401EDA4F1C63B7AC006CFBBB /* Prices.m */; };
		401EDA571C63C7E8006CFBBB /* MetalJSONParse.m in Sources */ = {isa = PBXBuildFile; fileRef = 401EDA561C63C7E8006CFBBB /* MetalJSONParse.m */; };
		402272611C6752DA00E0C5AD /* MainScreenDrawer.m in Sources */ = {isa = PBXBuildFile; fileRef = 402272601C6752DA00E0C5AD /* MainScreenDrawer.m */; };
		408D84111C660D56008BCD5B /* MetalData+CoreDataProperties.m in Sources */ = {isa = PBXBuildFile; fileRef = 408D840F1C660D56008BCD5B /* MetalData+CoreDataProperties.m */; };
		6A193CEC1C57BD3800093B36 /* EarnMoneyViewController.m in Sources */ = {isa = PBXBuildFile; fileRef = 6A193CEB1C57BD3800093B36 /* EarnMoneyViewController.m */; };
		6A193CEF1C57C13E00093B36 /* AddControlPointToEarnMoneyViewController.m in Sources */ = {isa = PBXBuildFile; fileRef = 6A193CEE1C57C13E00093B36 /* AddControlPointToEarnMoneyViewController.m */; };
		6A193CF21C57C9E900093B36 /* ShareGoalsViewController.m in Sources */ = {isa = PBXBuildFile; fileRef = 6A193CF11C57C9E900093B36 /* ShareGoalsViewController.m */; };
		6A193CF51C57CF0500093B36 /* WebSharingViewController.m in Sources */ = {isa = PBXBuildFile; fileRef = 6A193CF41C57CF0500093B36 /* WebSharingViewController.m */; };
		6A193CF81C57DB3000093B36 /* BanksTableViewController.m in Sources */ = {isa = PBXBuildFile; fileRef = 6A193CF71C57DB3000093B36 /* BanksTableViewController.m */; };
		6A19D05F1C58035900529993 /* EarnMoneyGraphView.m in Sources */ = {isa = PBXBuildFile; fileRef = 6A19D05E1C58035900529993 /* EarnMoneyGraphView.m */; };
		6A1A15551C5AD6F9003A3044 /* Line.m in Sources */ = {isa = PBXBuildFile; fileRef = 6A1A15541C5AD6F9003A3044 /* Line.m */; };
		6A1DBB9E1C5957E700859520 /* ControllPoint.m in Sources */ = {isa = PBXBuildFile; fileRef = 6A1DBB9D1C5957E700859520 /* ControllPoint.m */; };
		6A2941A01C58CD7E00C5D207 /* MainScreenViewController.m in Sources */ = {isa = PBXBuildFile; fileRef = 6A29419F1C58CD7E00C5D207 /* MainScreenViewController.m */; };
		6A2989121C58AFDA006328A5 /* ConvertMoneyViewController.m in Sources */ = {isa = PBXBuildFile; fileRef = 6A2989111C58AFDA006328A5 /* ConvertMoneyViewController.m */; };
		6A29C59C1C5A3BB60032B74D /* GraphDrawer.m in Sources */ = {isa = PBXBuildFile; fileRef = 6A29C59B1C5A3BB60032B74D /* GraphDrawer.m */; };
		6A7E68711C64EDFF003E54BC /* Main.storyboard in Resources */ = {isa = PBXBuildFile; fileRef = 6A7E68701C64EDFF003E54BC /* Main.storyboard */; };
		6A7E68761C653B6C003E54BC /* VKLoginViewController.m in Sources */ = {isa = PBXBuildFile; fileRef = 6A7E68751C653B6C003E54BC /* VKLoginViewController.m */; };
		6A7E68791C653CB3003E54BC /* VKAccessToken.m in Sources */ = {isa = PBXBuildFile; fileRef = 6A7E68781C653CB3003E54BC /* VKAccessToken.m */; };
		6A80BF7F1C5E22B300B57EC5 /* EarningGoalsTableViewController.m in Sources */ = {isa = PBXBuildFile; fileRef = 6A80BF7E1C5E22B300B57EC5 /* EarningGoalsTableViewController.m */; };
		6A80BF831C5E264D00B57EC5 /* CustomEGTableViewCell.m in Sources */ = {isa = PBXBuildFile; fileRef = 6A80BF821C5E264D00B57EC5 /* CustomEGTableViewCell.m */; };
		6A80BF861C5E31A700B57EC5 /* ControlPointsCDSotrer.m in Sources */ = {isa = PBXBuildFile; fileRef = 6A80BF851C5E31A700B57EC5 /* ControlPointsCDSotrer.m */; };
		6A85736F1C64C6220002F634 /* CustomNavigationController.m in Sources */ = {isa = PBXBuildFile; fileRef = 6A85736E1C64C6220002F634 /* CustomNavigationController.m */; };
		6A8E906F1C5BB28A0069BABC /* CDControlPoint+CoreDataProperties.m in Sources */ = {isa = PBXBuildFile; fileRef = 6A8E906C1C5BB28A0069BABC /* CDControlPoint+CoreDataProperties.m */; };
		6A8E90701C5BB28A0069BABC /* CDControlPoint.m in Sources */ = {isa = PBXBuildFile; fileRef = 6A8E906E1C5BB28A0069BABC /* CDControlPoint.m */; };
		6A8E90741C5BB8760069BABC /* ControlPointCDManager.m in Sources */ = {isa = PBXBuildFile; fileRef = 6A8E90731C5BB8760069BABC /* ControlPointCDManager.m */; };
		6A8E90791C5BFDA70069BABC /* ControlPointsEarnChecker.m in Sources */ = {isa = PBXBuildFile; fileRef = 6A8E90781C5BFDA70069BABC /* ControlPointsEarnChecker.m */; };
		6A99E0051C687F1A00C62973 /* PostedGoalsCollectionViewController.m in Sources */ = {isa = PBXBuildFile; fileRef = 6A99E0041C687F1A00C62973 /* PostedGoalsCollectionViewController.m */; };
		6A99E0081C687F4F00C62973 /* CustomCollectionViewCell.m in Sources */ = {isa = PBXBuildFile; fileRef = 6A99E0071C687F4F00C62973 /* CustomCollectionViewCell.m */; };
		6AA421AE1C666AA200F91BDB /* VKServerManager.m in Sources */ = {isa = PBXBuildFile; fileRef = 6AA421AD1C666AA200F91BDB /* VKServerManager.m */; };
		6AA421D61C666B2A00F91BDB /* AFHTTPRequestOperation.m in Sources */ = {isa = PBXBuildFile; fileRef = 6AA421B21C666B2A00F91BDB /* AFHTTPRequestOperation.m */; };
		6AA421D71C666B2A00F91BDB /* AFHTTPRequestOperationManager.m in Sources */ = {isa = PBXBuildFile; fileRef = 6AA421B41C666B2A00F91BDB /* AFHTTPRequestOperationManager.m */; };
		6AA421D81C666B2A00F91BDB /* AFHTTPSessionManager.m in Sources */ = {isa = PBXBuildFile; fileRef = 6AA421B61C666B2A00F91BDB /* AFHTTPSessionManager.m */; };
		6AA421D91C666B2A00F91BDB /* AFNetworkReachabilityManager.m in Sources */ = {isa = PBXBuildFile; fileRef = 6AA421B91C666B2A00F91BDB /* AFNetworkReachabilityManager.m */; };
		6AA421DA1C666B2A00F91BDB /* AFSecurityPolicy.m in Sources */ = {isa = PBXBuildFile; fileRef = 6AA421BB1C666B2A00F91BDB /* AFSecurityPolicy.m */; };
		6AA421DB1C666B2A00F91BDB /* AFURLConnectionOperation.m in Sources */ = {isa = PBXBuildFile; fileRef = 6AA421BD1C666B2A00F91BDB /* AFURLConnectionOperation.m */; };
		6AA421DC1C666B2A00F91BDB /* AFURLRequestSerialization.m in Sources */ = {isa = PBXBuildFile; fileRef = 6AA421BF1C666B2A00F91BDB /* AFURLRequestSerialization.m */; };
		6AA421DD1C666B2A00F91BDB /* AFURLResponseSerialization.m in Sources */ = {isa = PBXBuildFile; fileRef = 6AA421C11C666B2A00F91BDB /* AFURLResponseSerialization.m */; };
		6AA421DE1C666B2A00F91BDB /* AFURLSessionManager.m in Sources */ = {isa = PBXBuildFile; fileRef = 6AA421C31C666B2A00F91BDB /* AFURLSessionManager.m */; };
		6AA421DF1C666B2A00F91BDB /* AFNetworkActivityIndicatorManager.m in Sources */ = {isa = PBXBuildFile; fileRef = 6AA421C61C666B2A00F91BDB /* AFNetworkActivityIndicatorManager.m */; };
		6AA421E01C666B2A00F91BDB /* UIActivityIndicatorView+AFNetworking.m in Sources */ = {isa = PBXBuildFile; fileRef = 6AA421C81C666B2A00F91BDB /* UIActivityIndicatorView+AFNetworking.m */; };
		6AA421E11C666B2A00F91BDB /* UIAlertView+AFNetworking.m in Sources */ = {isa = PBXBuildFile; fileRef = 6AA421CA1C666B2A00F91BDB /* UIAlertView+AFNetworking.m */; };
		6AA421E21C666B2A00F91BDB /* UIButton+AFNetworking.m in Sources */ = {isa = PBXBuildFile; fileRef = 6AA421CC1C666B2A00F91BDB /* UIButton+AFNetworking.m */; };
		6AA421E31C666B2A00F91BDB /* UIImageView+AFNetworking.m in Sources */ = {isa = PBXBuildFile; fileRef = 6AA421CE1C666B2A00F91BDB /* UIImageView+AFNetworking.m */; };
		6AA421E41C666B2A00F91BDB /* UIProgressView+AFNetworking.m in Sources */ = {isa = PBXBuildFile; fileRef = 6AA421D11C666B2A00F91BDB /* UIProgressView+AFNetworking.m */; };
		6AA421E51C666B2A00F91BDB /* UIRefreshControl+AFNetworking.m in Sources */ = {isa = PBXBuildFile; fileRef = 6AA421D31C666B2A00F91BDB /* UIRefreshControl+AFNetworking.m */; };
		6AA421E61C666B2A00F91BDB /* UIWebView+AFNetworking.m in Sources */ = {isa = PBXBuildFile; fileRef = 6AA421D51C666B2A00F91BDB /* UIWebView+AFNetworking.m */; };
		6AA421E91C666E5B00F91BDB /* VKFriend.m in Sources */ = {isa = PBXBuildFile; fileRef = 6AA421E81C666E5B00F91BDB /* VKFriend.m */; };
		6AA421EC1C66736C00F91BDB /* VKUser.m in Sources */ = {isa = PBXBuildFile; fileRef = 6AA421EB1C66736C00F91BDB /* VKUser.m */; };
		6AA459091C5D3A7900415698 /* EarnNotificationView.m in Sources */ = {isa = PBXBuildFile; fileRef = 6AA459081C5D3A7900415698 /* EarnNotificationView.m */; };
		979339E31C58D9A000A674D1 /* CurencyCourseGraph.m in Sources */ = {isa = PBXBuildFile; fileRef = 979339E21C58D9A000A674D1 /* CurencyCourseGraph.m */; };
		97ED58621C5796BC004724A3 /* main.m in Sources */ = {isa = PBXBuildFile; fileRef = 97ED58611C5796BC004724A3 /* main.m */; };
		97ED58651C5796BC004724A3 /* AppDelegate.m in Sources */ = {isa = PBXBuildFile; fileRef = 97ED58641C5796BC004724A3 /* AppDelegate.m */; };
		97ED586E1C5796BC004724A3 /* CurrencyExchange.xcdatamodeld in Sources */ = {isa = PBXBuildFile; fileRef = 97ED586C1C5796BC004724A3 /* CurrencyExchange.xcdatamodeld */; };
		97ED58701C5796BC004724A3 /* Assets.xcassets in Resources */ = {isa = PBXBuildFile; fileRef = 97ED586F1C5796BC004724A3 /* Assets.xcassets */; };
		97ED58731C5796BC004724A3 /* LaunchScreen.storyboard in Resources */ = {isa = PBXBuildFile; fileRef = 97ED58711C5796BC004724A3 /* LaunchScreen.storyboard */; };
		EF0320841C635D7B0032C699 /* BankInfo.m in Sources */ = {isa = PBXBuildFile; fileRef = EF0320831C635D7B0032C699 /* BankInfo.m */; };
		EF0320871C635D920032C699 /* BranchInfo.m in Sources */ = {isa = PBXBuildFile; fileRef = EF0320861C635D920032C699 /* BranchInfo.m */; };
		EF0616991C5B524C0097B505 /* BankData+CoreDataProperties.m in Sources */ = {isa = PBXBuildFile; fileRef = EF06168A1C5B524C0097B505 /* BankData+CoreDataProperties.m */; };
		EF06169A1C5B524C0097B505 /* BankData.m in Sources */ = {isa = PBXBuildFile; fileRef = EF06168C1C5B524C0097B505 /* BankData.m */; };
		EF06169B1C5B524C0097B505 /* ObjectData+CoreDataProperties.m in Sources */ = {isa = PBXBuildFile; fileRef = EF06168E1C5B524C0097B505 /* ObjectData+CoreDataProperties.m */; };
		EF06169C1C5B524C0097B505 /* ObjectData.m in Sources */ = {isa = PBXBuildFile; fileRef = EF0616901C5B524C0097B505 /* ObjectData.m */; };
		EF06169D1C5B524C0097B505 /* CurrencyData+CoreDataProperties.m in Sources */ = {isa = PBXBuildFile; fileRef = EF0616921C5B524C0097B505 /* CurrencyData+CoreDataProperties.m */; };
		EF06169E1C5B524C0097B505 /* CurrencyData.m in Sources */ = {isa = PBXBuildFile; fileRef = EF0616941C5B524C0097B505 /* CurrencyData.m */; };
		EF06169F1C5B524C0097B505 /* BranchData+CoreDataProperties.m in Sources */ = {isa = PBXBuildFile; fileRef = EF0616961C5B524C0097B505 /* BranchData+CoreDataProperties.m */; };
		EF0616A01C5B524C0097B505 /* BranchData.m in Sources */ = {isa = PBXBuildFile; fileRef = EF0616981C5B524C0097B505 /* BranchData.m */; };
		EF0616A61C5B52A90097B505 /* JSONParseCoreDataSave.m in Sources */ = {isa = PBXBuildFile; fileRef = EF0616A51C5B52A90097B505 /* JSONParseCoreDataSave.m */; };
		EF0616AF1C5B983A0097B505 /* TestCoreData.m in Sources */ = {isa = PBXBuildFile; fileRef = EF0616AE1C5B983A0097B505 /* TestCoreData.m */; };
		EF900B061C64AC490097379C /* BranchStorage+CoreDataProperties.m in Sources */ = {isa = PBXBuildFile; fileRef = EF900B031C64AC490097379C /* BranchStorage+CoreDataProperties.m */; };
		EF900B071C64AC490097379C /* BranchStorage.m in Sources */ = {isa = PBXBuildFile; fileRef = EF900B051C64AC490097379C /* BranchStorage.m */; };
/* End PBXBuildFile section */

/* Begin PBXFileReference section */
		401ED96F1C5BE1F3006CFBBB /* AverageCurrency.h */ = {isa = PBXFileReference; fileEncoding = 4; lastKnownFileType = sourcecode.c.h; path = AverageCurrency.h; sourceTree = "<group>"; };
		401ED9701C5BE1F3006CFBBB /* AverageCurrency.m */ = {isa = PBXFileReference; fileEncoding = 4; lastKnownFileType = sourcecode.c.objc; path = AverageCurrency.m; sourceTree = "<group>"; };
		401ED9711C5BE1F3006CFBBB /* Fetcher.h */ = {isa = PBXFileReference; fileEncoding = 4; lastKnownFileType = sourcecode.c.h; path = Fetcher.h; sourceTree = "<group>"; };
		401ED9721C5BE1F3006CFBBB /* Fetcher.m */ = {isa = PBXFileReference; fileEncoding = 4; lastKnownFileType = sourcecode.c.objc; path = Fetcher.m; sourceTree = "<group>"; };
		401ED9731C5BE1F3006CFBBB /* ReportDataForTable.h */ = {isa = PBXFileReference; fileEncoding = 4; lastKnownFileType = sourcecode.c.h; path = ReportDataForTable.h; sourceTree = "<group>"; };
		401ED9741C5BE1F3006CFBBB /* ReportDataForTable.m */ = {isa = PBXFileReference; fileEncoding = 4; lastKnownFileType = sourcecode.c.objc; path = ReportDataForTable.m; sourceTree = "<group>"; };
		401ED9781C5F53F9006CFBBB /* MessageUI.framework */ = {isa = PBXFileReference; lastKnownFileType = wrapper.framework; name = MessageUI.framework; path = System/Library/Frameworks/MessageUI.framework; sourceTree = SDKROOT; };
		401EDA031C60F930006CFBBB /* MSWeakTimer.h */ = {isa = PBXFileReference; fileEncoding = 4; lastKnownFileType = sourcecode.c.h; path = MSWeakTimer.h; sourceTree = "<group>"; };
		401EDA041C60F930006CFBBB /* MSWeakTimer.m */ = {isa = PBXFileReference; fileEncoding = 4; lastKnownFileType = sourcecode.c.objc; path = MSWeakTimer.m; sourceTree = "<group>"; };
		401EDA4A1C63B7AC006CFBBB /* MetalData.h */ = {isa = PBXFileReference; fileEncoding = 4; lastKnownFileType = sourcecode.c.h; path = MetalData.h; sourceTree = "<group>"; };
		401EDA4B1C63B7AC006CFBBB /* MetalData.m */ = {isa = PBXFileReference; fileEncoding = 4; lastKnownFileType = sourcecode.c.objc; path = MetalData.m; sourceTree = "<group>"; };
		401EDA4E1C63B7AC006CFBBB /* Prices.h */ = {isa = PBXFileReference; fileEncoding = 4; lastKnownFileType = sourcecode.c.h; path = Prices.h; sourceTree = "<group>"; };
		401EDA4F1C63B7AC006CFBBB /* Prices.m */ = {isa = PBXFileReference; fileEncoding = 4; lastKnownFileType = sourcecode.c.objc; path = Prices.m; sourceTree = "<group>"; };
		401EDA551C63C7E8006CFBBB /* MetalJSONParse.h */ = {isa = PBXFileReference; fileEncoding = 4; lastKnownFileType = sourcecode.c.h; path = MetalJSONParse.h; sourceTree = "<group>"; };
		401EDA561C63C7E8006CFBBB /* MetalJSONParse.m */ = {isa = PBXFileReference; fileEncoding = 4; lastKnownFileType = sourcecode.c.objc; path = MetalJSONParse.m; sourceTree = "<group>"; };
		4022725F1C6752DA00E0C5AD /* MainScreenDrawer.h */ = {isa = PBXFileReference; fileEncoding = 4; lastKnownFileType = sourcecode.c.h; path = MainScreenDrawer.h; sourceTree = "<group>"; };
		402272601C6752DA00E0C5AD /* MainScreenDrawer.m */ = {isa = PBXFileReference; fileEncoding = 4; lastKnownFileType = sourcecode.c.objc; path = MainScreenDrawer.m; sourceTree = "<group>"; };
		408D840C1C660D56008BCD5B /* Prices+CoreDataProperties.h */ = {isa = PBXFileReference; fileEncoding = 4; lastKnownFileType = sourcecode.c.h; path = "Prices+CoreDataProperties.h"; sourceTree = "<group>"; };
		408D840D1C660D56008BCD5B /* Prices+CoreDataProperties.m */ = {isa = PBXFileReference; fileEncoding = 4; lastKnownFileType = sourcecode.c.objc; path = "Prices+CoreDataProperties.m"; sourceTree = "<group>"; };
		408D840E1C660D56008BCD5B /* MetalData+CoreDataProperties.h */ = {isa = PBXFileReference; fileEncoding = 4; lastKnownFileType = sourcecode.c.h; path = "MetalData+CoreDataProperties.h"; sourceTree = "<group>"; };
		408D840F1C660D56008BCD5B /* MetalData+CoreDataProperties.m */ = {isa = PBXFileReference; fileEncoding = 4; lastKnownFileType = sourcecode.c.objc; path = "MetalData+CoreDataProperties.m"; sourceTree = "<group>"; };
		6A193CEA1C57BD3800093B36 /* EarnMoneyViewController.h */ = {isa = PBXFileReference; fileEncoding = 4; lastKnownFileType = sourcecode.c.h; path = EarnMoneyViewController.h; sourceTree = "<group>"; };
		6A193CEB1C57BD3800093B36 /* EarnMoneyViewController.m */ = {isa = PBXFileReference; fileEncoding = 4; lastKnownFileType = sourcecode.c.objc; path = EarnMoneyViewController.m; sourceTree = "<group>"; };
		6A193CED1C57C13E00093B36 /* AddControlPointToEarnMoneyViewController.h */ = {isa = PBXFileReference; fileEncoding = 4; lastKnownFileType = sourcecode.c.h; path = AddControlPointToEarnMoneyViewController.h; sourceTree = "<group>"; };
		6A193CEE1C57C13E00093B36 /* AddControlPointToEarnMoneyViewController.m */ = {isa = PBXFileReference; fileEncoding = 4; lastKnownFileType = sourcecode.c.objc; path = AddControlPointToEarnMoneyViewController.m; sourceTree = "<group>"; };
		6A193CF01C57C9E900093B36 /* ShareGoalsViewController.h */ = {isa = PBXFileReference; fileEncoding = 4; lastKnownFileType = sourcecode.c.h; path = ShareGoalsViewController.h; sourceTree = "<group>"; };
		6A193CF11C57C9E900093B36 /* ShareGoalsViewController.m */ = {isa = PBXFileReference; fileEncoding = 4; lastKnownFileType = sourcecode.c.objc; path = ShareGoalsViewController.m; sourceTree = "<group>"; };
		6A193CF31C57CF0500093B36 /* WebSharingViewController.h */ = {isa = PBXFileReference; fileEncoding = 4; lastKnownFileType = sourcecode.c.h; path = WebSharingViewController.h; sourceTree = "<group>"; };
		6A193CF41C57CF0500093B36 /* WebSharingViewController.m */ = {isa = PBXFileReference; fileEncoding = 4; lastKnownFileType = sourcecode.c.objc; path = WebSharingViewController.m; sourceTree = "<group>"; };
		6A193CF61C57DB3000093B36 /* BanksTableViewController.h */ = {isa = PBXFileReference; fileEncoding = 4; lastKnownFileType = sourcecode.c.h; path = BanksTableViewController.h; sourceTree = "<group>"; };
		6A193CF71C57DB3000093B36 /* BanksTableViewController.m */ = {isa = PBXFileReference; fileEncoding = 4; lastKnownFileType = sourcecode.c.objc; path = BanksTableViewController.m; sourceTree = "<group>"; };
		6A19D05D1C58035900529993 /* EarnMoneyGraphView.h */ = {isa = PBXFileReference; fileEncoding = 4; lastKnownFileType = sourcecode.c.h; path = EarnMoneyGraphView.h; sourceTree = "<group>"; };
		6A19D05E1C58035900529993 /* EarnMoneyGraphView.m */ = {isa = PBXFileReference; fileEncoding = 4; lastKnownFileType = sourcecode.c.objc; path = EarnMoneyGraphView.m; sourceTree = "<group>"; };
		6A1A15531C5AD6F9003A3044 /* Line.h */ = {isa = PBXFileReference; fileEncoding = 4; lastKnownFileType = sourcecode.c.h; path = Line.h; sourceTree = "<group>"; };
		6A1A15541C5AD6F9003A3044 /* Line.m */ = {isa = PBXFileReference; fileEncoding = 4; lastKnownFileType = sourcecode.c.objc; path = Line.m; sourceTree = "<group>"; };
		6A1DBB9C1C5957E700859520 /* ControllPoint.h */ = {isa = PBXFileReference; fileEncoding = 4; lastKnownFileType = sourcecode.c.h; path = ControllPoint.h; sourceTree = "<group>"; };
		6A1DBB9D1C5957E700859520 /* ControllPoint.m */ = {isa = PBXFileReference; fileEncoding = 4; lastKnownFileType = sourcecode.c.objc; path = ControllPoint.m; sourceTree = "<group>"; };
		6A29419E1C58CD7E00C5D207 /* MainScreenViewController.h */ = {isa = PBXFileReference; fileEncoding = 4; lastKnownFileType = sourcecode.c.h; path = MainScreenViewController.h; sourceTree = "<group>"; };
		6A29419F1C58CD7E00C5D207 /* MainScreenViewController.m */ = {isa = PBXFileReference; fileEncoding = 4; lastKnownFileType = sourcecode.c.objc; path = MainScreenViewController.m; sourceTree = "<group>"; };
		6A2989101C58AFDA006328A5 /* ConvertMoneyViewController.h */ = {isa = PBXFileReference; fileEncoding = 4; lastKnownFileType = sourcecode.c.h; path = ConvertMoneyViewController.h; sourceTree = "<group>"; };
		6A2989111C58AFDA006328A5 /* ConvertMoneyViewController.m */ = {isa = PBXFileReference; fileEncoding = 4; lastKnownFileType = sourcecode.c.objc; path = ConvertMoneyViewController.m; sourceTree = "<group>"; };
		6A29C59A1C5A3BB50032B74D /* GraphDrawer.h */ = {isa = PBXFileReference; fileEncoding = 4; lastKnownFileType = sourcecode.c.h; path = GraphDrawer.h; sourceTree = "<group>"; };
		6A29C59B1C5A3BB60032B74D /* GraphDrawer.m */ = {isa = PBXFileReference; fileEncoding = 4; lastKnownFileType = sourcecode.c.objc; path = GraphDrawer.m; sourceTree = "<group>"; };
		6A7109781C602B0A002B49D1 /* ProtocolHeader.h */ = {isa = PBXFileReference; lastKnownFileType = sourcecode.c.h; path = ProtocolHeader.h; sourceTree = "<group>"; };
		6A7E68701C64EDFF003E54BC /* Main.storyboard */ = {isa = PBXFileReference; fileEncoding = 4; lastKnownFileType = file.storyboard; path = Main.storyboard; sourceTree = "<group>"; };
		6A7E68741C653B6C003E54BC /* VKLoginViewController.h */ = {isa = PBXFileReference; fileEncoding = 4; lastKnownFileType = sourcecode.c.h; name = VKLoginViewController.h; path = "untitled folder/VKLoginViewController.h"; sourceTree = "<group>"; };
		6A7E68751C653B6C003E54BC /* VKLoginViewController.m */ = {isa = PBXFileReference; fileEncoding = 4; lastKnownFileType = sourcecode.c.objc; name = VKLoginViewController.m; path = "untitled folder/VKLoginViewController.m"; sourceTree = "<group>"; };
		6A7E68771C653CB3003E54BC /* VKAccessToken.h */ = {isa = PBXFileReference; fileEncoding = 4; lastKnownFileType = sourcecode.c.h; name = VKAccessToken.h; path = "untitled folder/VKAccessToken.h"; sourceTree = "<group>"; };
		6A7E68781C653CB3003E54BC /* VKAccessToken.m */ = {isa = PBXFileReference; fileEncoding = 4; lastKnownFileType = sourcecode.c.objc; name = VKAccessToken.m; path = "untitled folder/VKAccessToken.m"; sourceTree = "<group>"; };
		6A80BF7D1C5E22B300B57EC5 /* EarningGoalsTableViewController.h */ = {isa = PBXFileReference; fileEncoding = 4; lastKnownFileType = sourcecode.c.h; path = EarningGoalsTableViewController.h; sourceTree = "<group>"; };
		6A80BF7E1C5E22B300B57EC5 /* EarningGoalsTableViewController.m */ = {isa = PBXFileReference; fileEncoding = 4; lastKnownFileType = sourcecode.c.objc; path = EarningGoalsTableViewController.m; sourceTree = "<group>"; };
		6A80BF811C5E264D00B57EC5 /* CustomEGTableViewCell.h */ = {isa = PBXFileReference; fileEncoding = 4; lastKnownFileType = sourcecode.c.h; path = CustomEGTableViewCell.h; sourceTree = "<group>"; };
		6A80BF821C5E264D00B57EC5 /* CustomEGTableViewCell.m */ = {isa = PBXFileReference; fileEncoding = 4; lastKnownFileType = sourcecode.c.objc; path = CustomEGTableViewCell.m; sourceTree = "<group>"; };
		6A80BF841C5E31A700B57EC5 /* ControlPointsCDSotrer.h */ = {isa = PBXFileReference; fileEncoding = 4; lastKnownFileType = sourcecode.c.h; path = ControlPointsCDSotrer.h; sourceTree = "<group>"; };
		6A80BF851C5E31A700B57EC5 /* ControlPointsCDSotrer.m */ = {isa = PBXFileReference; fileEncoding = 4; lastKnownFileType = sourcecode.c.objc; path = ControlPointsCDSotrer.m; sourceTree = "<group>"; };
		6A85736D1C64C6220002F634 /* CustomNavigationController.h */ = {isa = PBXFileReference; fileEncoding = 4; lastKnownFileType = sourcecode.c.h; path = CustomNavigationController.h; sourceTree = "<group>"; };
		6A85736E1C64C6220002F634 /* CustomNavigationController.m */ = {isa = PBXFileReference; fileEncoding = 4; lastKnownFileType = sourcecode.c.objc; path = CustomNavigationController.m; sourceTree = "<group>"; };
		6A8E906B1C5BB28A0069BABC /* CDControlPoint+CoreDataProperties.h */ = {isa = PBXFileReference; fileEncoding = 4; lastKnownFileType = sourcecode.c.h; name = "CDControlPoint+CoreDataProperties.h"; path = "../CDControlPoint+CoreDataProperties.h"; sourceTree = "<group>"; };
		6A8E906C1C5BB28A0069BABC /* CDControlPoint+CoreDataProperties.m */ = {isa = PBXFileReference; fileEncoding = 4; lastKnownFileType = sourcecode.c.objc; name = "CDControlPoint+CoreDataProperties.m"; path = "../CDControlPoint+CoreDataProperties.m"; sourceTree = "<group>"; };
		6A8E906D1C5BB28A0069BABC /* CDControlPoint.h */ = {isa = PBXFileReference; fileEncoding = 4; lastKnownFileType = sourcecode.c.h; name = CDControlPoint.h; path = ../CDControlPoint.h; sourceTree = "<group>"; };
		6A8E906E1C5BB28A0069BABC /* CDControlPoint.m */ = {isa = PBXFileReference; fileEncoding = 4; lastKnownFileType = sourcecode.c.objc; name = CDControlPoint.m; path = ../CDControlPoint.m; sourceTree = "<group>"; };
		6A8E90721C5BB8760069BABC /* ControlPointCDManager.h */ = {isa = PBXFileReference; fileEncoding = 4; lastKnownFileType = sourcecode.c.h; path = ControlPointCDManager.h; sourceTree = "<group>"; };
		6A8E90731C5BB8760069BABC /* ControlPointCDManager.m */ = {isa = PBXFileReference; fileEncoding = 4; lastKnownFileType = sourcecode.c.objc; path = ControlPointCDManager.m; sourceTree = "<group>"; };
		6A8E90771C5BFDA70069BABC /* ControlPointsEarnChecker.h */ = {isa = PBXFileReference; fileEncoding = 4; lastKnownFileType = sourcecode.c.h; path = ControlPointsEarnChecker.h; sourceTree = "<group>"; };
		6A8E90781C5BFDA70069BABC /* ControlPointsEarnChecker.m */ = {isa = PBXFileReference; fileEncoding = 4; lastKnownFileType = sourcecode.c.objc; path = ControlPointsEarnChecker.m; sourceTree = "<group>"; };
		6A99E0031C687F1A00C62973 /* PostedGoalsCollectionViewController.h */ = {isa = PBXFileReference; fileEncoding = 4; lastKnownFileType = sourcecode.c.h; path = PostedGoalsCollectionViewController.h; sourceTree = "<group>"; };
		6A99E0041C687F1A00C62973 /* PostedGoalsCollectionViewController.m */ = {isa = PBXFileReference; fileEncoding = 4; lastKnownFileType = sourcecode.c.objc; path = PostedGoalsCollectionViewController.m; sourceTree = "<group>"; };
		6A99E0061C687F4F00C62973 /* CustomCollectionViewCell.h */ = {isa = PBXFileReference; fileEncoding = 4; lastKnownFileType = sourcecode.c.h; path = CustomCollectionViewCell.h; sourceTree = "<group>"; };
		6A99E0071C687F4F00C62973 /* CustomCollectionViewCell.m */ = {isa = PBXFileReference; fileEncoding = 4; lastKnownFileType = sourcecode.c.objc; path = CustomCollectionViewCell.m; sourceTree = "<group>"; };
		6AA421AC1C666AA200F91BDB /* VKServerManager.h */ = {isa = PBXFileReference; fileEncoding = 4; lastKnownFileType = sourcecode.c.h; name = VKServerManager.h; path = "untitled folder/VKServerManager.h"; sourceTree = "<group>"; };
		6AA421AD1C666AA200F91BDB /* VKServerManager.m */ = {isa = PBXFileReference; fileEncoding = 4; lastKnownFileType = sourcecode.c.objc; name = VKServerManager.m; path = "untitled folder/VKServerManager.m"; sourceTree = "<group>"; };
		6AA421B11C666B2A00F91BDB /* AFHTTPRequestOperation.h */ = {isa = PBXFileReference; fileEncoding = 4; lastKnownFileType = sourcecode.c.h; path = AFHTTPRequestOperation.h; sourceTree = "<group>"; };
		6AA421B21C666B2A00F91BDB /* AFHTTPRequestOperation.m */ = {isa = PBXFileReference; fileEncoding = 4; lastKnownFileType = sourcecode.c.objc; path = AFHTTPRequestOperation.m; sourceTree = "<group>"; };
		6AA421B31C666B2A00F91BDB /* AFHTTPRequestOperationManager.h */ = {isa = PBXFileReference; fileEncoding = 4; lastKnownFileType = sourcecode.c.h; path = AFHTTPRequestOperationManager.h; sourceTree = "<group>"; };
		6AA421B41C666B2A00F91BDB /* AFHTTPRequestOperationManager.m */ = {isa = PBXFileReference; fileEncoding = 4; lastKnownFileType = sourcecode.c.objc; path = AFHTTPRequestOperationManager.m; sourceTree = "<group>"; };
		6AA421B51C666B2A00F91BDB /* AFHTTPSessionManager.h */ = {isa = PBXFileReference; fileEncoding = 4; lastKnownFileType = sourcecode.c.h; path = AFHTTPSessionManager.h; sourceTree = "<group>"; };
		6AA421B61C666B2A00F91BDB /* AFHTTPSessionManager.m */ = {isa = PBXFileReference; fileEncoding = 4; lastKnownFileType = sourcecode.c.objc; path = AFHTTPSessionManager.m; sourceTree = "<group>"; };
		6AA421B71C666B2A00F91BDB /* AFNetworking.h */ = {isa = PBXFileReference; fileEncoding = 4; lastKnownFileType = sourcecode.c.h; path = AFNetworking.h; sourceTree = "<group>"; };
		6AA421B81C666B2A00F91BDB /* AFNetworkReachabilityManager.h */ = {isa = PBXFileReference; fileEncoding = 4; lastKnownFileType = sourcecode.c.h; path = AFNetworkReachabilityManager.h; sourceTree = "<group>"; };
		6AA421B91C666B2A00F91BDB /* AFNetworkReachabilityManager.m */ = {isa = PBXFileReference; fileEncoding = 4; lastKnownFileType = sourcecode.c.objc; path = AFNetworkReachabilityManager.m; sourceTree = "<group>"; };
		6AA421BA1C666B2A00F91BDB /* AFSecurityPolicy.h */ = {isa = PBXFileReference; fileEncoding = 4; lastKnownFileType = sourcecode.c.h; path = AFSecurityPolicy.h; sourceTree = "<group>"; };
		6AA421BB1C666B2A00F91BDB /* AFSecurityPolicy.m */ = {isa = PBXFileReference; fileEncoding = 4; lastKnownFileType = sourcecode.c.objc; path = AFSecurityPolicy.m; sourceTree = "<group>"; };
		6AA421BC1C666B2A00F91BDB /* AFURLConnectionOperation.h */ = {isa = PBXFileReference; fileEncoding = 4; lastKnownFileType = sourcecode.c.h; path = AFURLConnectionOperation.h; sourceTree = "<group>"; };
		6AA421BD1C666B2A00F91BDB /* AFURLConnectionOperation.m */ = {isa = PBXFileReference; fileEncoding = 4; lastKnownFileType = sourcecode.c.objc; path = AFURLConnectionOperation.m; sourceTree = "<group>"; };
		6AA421BE1C666B2A00F91BDB /* AFURLRequestSerialization.h */ = {isa = PBXFileReference; fileEncoding = 4; lastKnownFileType = sourcecode.c.h; path = AFURLRequestSerialization.h; sourceTree = "<group>"; };
		6AA421BF1C666B2A00F91BDB /* AFURLRequestSerialization.m */ = {isa = PBXFileReference; fileEncoding = 4; lastKnownFileType = sourcecode.c.objc; path = AFURLRequestSerialization.m; sourceTree = "<group>"; };
		6AA421C01C666B2A00F91BDB /* AFURLResponseSerialization.h */ = {isa = PBXFileReference; fileEncoding = 4; lastKnownFileType = sourcecode.c.h; path = AFURLResponseSerialization.h; sourceTree = "<group>"; };
		6AA421C11C666B2A00F91BDB /* AFURLResponseSerialization.m */ = {isa = PBXFileReference; fileEncoding = 4; lastKnownFileType = sourcecode.c.objc; path = AFURLResponseSerialization.m; sourceTree = "<group>"; };
		6AA421C21C666B2A00F91BDB /* AFURLSessionManager.h */ = {isa = PBXFileReference; fileEncoding = 4; lastKnownFileType = sourcecode.c.h; path = AFURLSessionManager.h; sourceTree = "<group>"; };
		6AA421C31C666B2A00F91BDB /* AFURLSessionManager.m */ = {isa = PBXFileReference; fileEncoding = 4; lastKnownFileType = sourcecode.c.objc; path = AFURLSessionManager.m; sourceTree = "<group>"; };
		6AA421C51C666B2A00F91BDB /* AFNetworkActivityIndicatorManager.h */ = {isa = PBXFileReference; fileEncoding = 4; lastKnownFileType = sourcecode.c.h; path = AFNetworkActivityIndicatorManager.h; sourceTree = "<group>"; };
		6AA421C61C666B2A00F91BDB /* AFNetworkActivityIndicatorManager.m */ = {isa = PBXFileReference; fileEncoding = 4; lastKnownFileType = sourcecode.c.objc; path = AFNetworkActivityIndicatorManager.m; sourceTree = "<group>"; };
		6AA421C71C666B2A00F91BDB /* UIActivityIndicatorView+AFNetworking.h */ = {isa = PBXFileReference; fileEncoding = 4; lastKnownFileType = sourcecode.c.h; path = "UIActivityIndicatorView+AFNetworking.h"; sourceTree = "<group>"; };
		6AA421C81C666B2A00F91BDB /* UIActivityIndicatorView+AFNetworking.m */ = {isa = PBXFileReference; fileEncoding = 4; lastKnownFileType = sourcecode.c.objc; path = "UIActivityIndicatorView+AFNetworking.m"; sourceTree = "<group>"; };
		6AA421C91C666B2A00F91BDB /* UIAlertView+AFNetworking.h */ = {isa = PBXFileReference; fileEncoding = 4; lastKnownFileType = sourcecode.c.h; path = "UIAlertView+AFNetworking.h"; sourceTree = "<group>"; };
		6AA421CA1C666B2A00F91BDB /* UIAlertView+AFNetworking.m */ = {isa = PBXFileReference; fileEncoding = 4; lastKnownFileType = sourcecode.c.objc; path = "UIAlertView+AFNetworking.m"; sourceTree = "<group>"; };
		6AA421CB1C666B2A00F91BDB /* UIButton+AFNetworking.h */ = {isa = PBXFileReference; fileEncoding = 4; lastKnownFileType = sourcecode.c.h; path = "UIButton+AFNetworking.h"; sourceTree = "<group>"; };
		6AA421CC1C666B2A00F91BDB /* UIButton+AFNetworking.m */ = {isa = PBXFileReference; fileEncoding = 4; lastKnownFileType = sourcecode.c.objc; path = "UIButton+AFNetworking.m"; sourceTree = "<group>"; };
		6AA421CD1C666B2A00F91BDB /* UIImageView+AFNetworking.h */ = {isa = PBXFileReference; fileEncoding = 4; lastKnownFileType = sourcecode.c.h; path = "UIImageView+AFNetworking.h"; sourceTree = "<group>"; };
		6AA421CE1C666B2A00F91BDB /* UIImageView+AFNetworking.m */ = {isa = PBXFileReference; fileEncoding = 4; lastKnownFileType = sourcecode.c.objc; path = "UIImageView+AFNetworking.m"; sourceTree = "<group>"; };
		6AA421CF1C666B2A00F91BDB /* UIKit+AFNetworking.h */ = {isa = PBXFileReference; fileEncoding = 4; lastKnownFileType = sourcecode.c.h; path = "UIKit+AFNetworking.h"; sourceTree = "<group>"; };
		6AA421D01C666B2A00F91BDB /* UIProgressView+AFNetworking.h */ = {isa = PBXFileReference; fileEncoding = 4; lastKnownFileType = sourcecode.c.h; path = "UIProgressView+AFNetworking.h"; sourceTree = "<group>"; };
		6AA421D11C666B2A00F91BDB /* UIProgressView+AFNetworking.m */ = {isa = PBXFileReference; fileEncoding = 4; lastKnownFileType = sourcecode.c.objc; path = "UIProgressView+AFNetworking.m"; sourceTree = "<group>"; };
		6AA421D21C666B2A00F91BDB /* UIRefreshControl+AFNetworking.h */ = {isa = PBXFileReference; fileEncoding = 4; lastKnownFileType = sourcecode.c.h; path = "UIRefreshControl+AFNetworking.h"; sourceTree = "<group>"; };
		6AA421D31C666B2A00F91BDB /* UIRefreshControl+AFNetworking.m */ = {isa = PBXFileReference; fileEncoding = 4; lastKnownFileType = sourcecode.c.objc; path = "UIRefreshControl+AFNetworking.m"; sourceTree = "<group>"; };
		6AA421D41C666B2A00F91BDB /* UIWebView+AFNetworking.h */ = {isa = PBXFileReference; fileEncoding = 4; lastKnownFileType = sourcecode.c.h; path = "UIWebView+AFNetworking.h"; sourceTree = "<group>"; };
		6AA421D51C666B2A00F91BDB /* UIWebView+AFNetworking.m */ = {isa = PBXFileReference; fileEncoding = 4; lastKnownFileType = sourcecode.c.objc; path = "UIWebView+AFNetworking.m"; sourceTree = "<group>"; };
		6AA421E71C666E5B00F91BDB /* VKFriend.h */ = {isa = PBXFileReference; fileEncoding = 4; lastKnownFileType = sourcecode.c.h; name = VKFriend.h; path = "untitled folder/VKFriend.h"; sourceTree = "<group>"; };
		6AA421E81C666E5B00F91BDB /* VKFriend.m */ = {isa = PBXFileReference; fileEncoding = 4; lastKnownFileType = sourcecode.c.objc; name = VKFriend.m; path = "untitled folder/VKFriend.m"; sourceTree = "<group>"; };
		6AA421EA1C66736C00F91BDB /* VKUser.h */ = {isa = PBXFileReference; fileEncoding = 4; lastKnownFileType = sourcecode.c.h; name = VKUser.h; path = "untitled folder/VKUser.h"; sourceTree = "<group>"; };
		6AA421EB1C66736C00F91BDB /* VKUser.m */ = {isa = PBXFileReference; fileEncoding = 4; lastKnownFileType = sourcecode.c.objc; name = VKUser.m; path = "untitled folder/VKUser.m"; sourceTree = "<group>"; };
		6AA459071C5D3A7900415698 /* EarnNotificationView.h */ = {isa = PBXFileReference; fileEncoding = 4; lastKnownFileType = sourcecode.c.h; path = EarnNotificationView.h; sourceTree = "<group>"; };
		6AA459081C5D3A7900415698 /* EarnNotificationView.m */ = {isa = PBXFileReference; fileEncoding = 4; lastKnownFileType = sourcecode.c.objc; path = EarnNotificationView.m; sourceTree = "<group>"; };
		979339E11C58D9A000A674D1 /* CurencyCourseGraph.h */ = {isa = PBXFileReference; fileEncoding = 4; lastKnownFileType = sourcecode.c.h; path = CurencyCourseGraph.h; sourceTree = "<group>"; };
		979339E21C58D9A000A674D1 /* CurencyCourseGraph.m */ = {isa = PBXFileReference; fileEncoding = 4; lastKnownFileType = sourcecode.c.objc; path = CurencyCourseGraph.m; sourceTree = "<group>"; };
		97ED585D1C5796BC004724A3 /* CurrencyExchange.app */ = {isa = PBXFileReference; explicitFileType = wrapper.application; includeInIndex = 0; path = CurrencyExchange.app; sourceTree = BUILT_PRODUCTS_DIR; };
		97ED58611C5796BC004724A3 /* main.m */ = {isa = PBXFileReference; lastKnownFileType = sourcecode.c.objc; path = main.m; sourceTree = "<group>"; };
		97ED58631C5796BC004724A3 /* AppDelegate.h */ = {isa = PBXFileReference; lastKnownFileType = sourcecode.c.h; path = AppDelegate.h; sourceTree = "<group>"; };
		97ED58641C5796BC004724A3 /* AppDelegate.m */ = {isa = PBXFileReference; lastKnownFileType = sourcecode.c.objc; path = AppDelegate.m; sourceTree = "<group>"; };
		97ED586D1C5796BC004724A3 /* CurrencyExchange.xcdatamodel */ = {isa = PBXFileReference; lastKnownFileType = wrapper.xcdatamodel; path = CurrencyExchange.xcdatamodel; sourceTree = "<group>"; };
		97ED586F1C5796BC004724A3 /* Assets.xcassets */ = {isa = PBXFileReference; lastKnownFileType = folder.assetcatalog; path = Assets.xcassets; sourceTree = "<group>"; };
		97ED58721C5796BC004724A3 /* Base */ = {isa = PBXFileReference; lastKnownFileType = file.storyboard; name = Base; path = Base.lproj/LaunchScreen.storyboard; sourceTree = "<group>"; };
		97ED58741C5796BC004724A3 /* Info.plist */ = {isa = PBXFileReference; lastKnownFileType = text.plist.xml; path = Info.plist; sourceTree = "<group>"; };
		EF0320821C635D7B0032C699 /* BankInfo.h */ = {isa = PBXFileReference; fileEncoding = 4; lastKnownFileType = sourcecode.c.h; path = BankInfo.h; sourceTree = "<group>"; };
		EF0320831C635D7B0032C699 /* BankInfo.m */ = {isa = PBXFileReference; fileEncoding = 4; lastKnownFileType = sourcecode.c.objc; path = BankInfo.m; sourceTree = "<group>"; };
		EF0320851C635D920032C699 /* BranchInfo.h */ = {isa = PBXFileReference; fileEncoding = 4; lastKnownFileType = sourcecode.c.h; path = BranchInfo.h; sourceTree = "<group>"; };
		EF0320861C635D920032C699 /* BranchInfo.m */ = {isa = PBXFileReference; fileEncoding = 4; lastKnownFileType = sourcecode.c.objc; path = BranchInfo.m; sourceTree = "<group>"; };
		EF0616891C5B524C0097B505 /* BankData+CoreDataProperties.h */ = {isa = PBXFileReference; fileEncoding = 4; lastKnownFileType = sourcecode.c.h; path = "BankData+CoreDataProperties.h"; sourceTree = "<group>"; };
		EF06168A1C5B524C0097B505 /* BankData+CoreDataProperties.m */ = {isa = PBXFileReference; fileEncoding = 4; lastKnownFileType = sourcecode.c.objc; path = "BankData+CoreDataProperties.m"; sourceTree = "<group>"; };
		EF06168B1C5B524C0097B505 /* BankData.h */ = {isa = PBXFileReference; fileEncoding = 4; lastKnownFileType = sourcecode.c.h; path = BankData.h; sourceTree = "<group>"; };
		EF06168C1C5B524C0097B505 /* BankData.m */ = {isa = PBXFileReference; fileEncoding = 4; lastKnownFileType = sourcecode.c.objc; path = BankData.m; sourceTree = "<group>"; };
		EF06168D1C5B524C0097B505 /* ObjectData+CoreDataProperties.h */ = {isa = PBXFileReference; fileEncoding = 4; lastKnownFileType = sourcecode.c.h; path = "ObjectData+CoreDataProperties.h"; sourceTree = "<group>"; };
		EF06168E1C5B524C0097B505 /* ObjectData+CoreDataProperties.m */ = {isa = PBXFileReference; fileEncoding = 4; lastKnownFileType = sourcecode.c.objc; path = "ObjectData+CoreDataProperties.m"; sourceTree = "<group>"; };
		EF06168F1C5B524C0097B505 /* ObjectData.h */ = {isa = PBXFileReference; fileEncoding = 4; lastKnownFileType = sourcecode.c.h; path = ObjectData.h; sourceTree = "<group>"; };
		EF0616901C5B524C0097B505 /* ObjectData.m */ = {isa = PBXFileReference; fileEncoding = 4; lastKnownFileType = sourcecode.c.objc; path = ObjectData.m; sourceTree = "<group>"; };
		EF0616911C5B524C0097B505 /* CurrencyData+CoreDataProperties.h */ = {isa = PBXFileReference; fileEncoding = 4; lastKnownFileType = sourcecode.c.h; path = "CurrencyData+CoreDataProperties.h"; sourceTree = "<group>"; };
		EF0616921C5B524C0097B505 /* CurrencyData+CoreDataProperties.m */ = {isa = PBXFileReference; fileEncoding = 4; lastKnownFileType = sourcecode.c.objc; path = "CurrencyData+CoreDataProperties.m"; sourceTree = "<group>"; };
		EF0616931C5B524C0097B505 /* CurrencyData.h */ = {isa = PBXFileReference; fileEncoding = 4; lastKnownFileType = sourcecode.c.h; path = CurrencyData.h; sourceTree = "<group>"; };
		EF0616941C5B524C0097B505 /* CurrencyData.m */ = {isa = PBXFileReference; fileEncoding = 4; lastKnownFileType = sourcecode.c.objc; path = CurrencyData.m; sourceTree = "<group>"; };
		EF0616951C5B524C0097B505 /* BranchData+CoreDataProperties.h */ = {isa = PBXFileReference; fileEncoding = 4; lastKnownFileType = sourcecode.c.h; path = "BranchData+CoreDataProperties.h"; sourceTree = "<group>"; };
		EF0616961C5B524C0097B505 /* BranchData+CoreDataProperties.m */ = {isa = PBXFileReference; fileEncoding = 4; lastKnownFileType = sourcecode.c.objc; path = "BranchData+CoreDataProperties.m"; sourceTree = "<group>"; };
		EF0616971C5B524C0097B505 /* BranchData.h */ = {isa = PBXFileReference; fileEncoding = 4; lastKnownFileType = sourcecode.c.h; path = BranchData.h; sourceTree = "<group>"; };
		EF0616981C5B524C0097B505 /* BranchData.m */ = {isa = PBXFileReference; fileEncoding = 4; lastKnownFileType = sourcecode.c.objc; path = BranchData.m; sourceTree = "<group>"; };
		EF0616A41C5B52A90097B505 /* JSONParseCoreDataSave.h */ = {isa = PBXFileReference; fileEncoding = 4; lastKnownFileType = sourcecode.c.h; path = JSONParseCoreDataSave.h; sourceTree = "<group>"; };
		EF0616A51C5B52A90097B505 /* JSONParseCoreDataSave.m */ = {isa = PBXFileReference; fileEncoding = 4; lastKnownFileType = sourcecode.c.objc; path = JSONParseCoreDataSave.m; sourceTree = "<group>"; };
		EF0616AD1C5B983A0097B505 /* TestCoreData.h */ = {isa = PBXFileReference; fileEncoding = 4; lastKnownFileType = sourcecode.c.h; path = TestCoreData.h; sourceTree = "<group>"; };
		EF0616AE1C5B983A0097B505 /* TestCoreData.m */ = {isa = PBXFileReference; fileEncoding = 4; lastKnownFileType = sourcecode.c.objc; path = TestCoreData.m; sourceTree = "<group>"; };
		EF900B021C64AC490097379C /* BranchStorage+CoreDataProperties.h */ = {isa = PBXFileReference; fileEncoding = 4; lastKnownFileType = sourcecode.c.h; path = "BranchStorage+CoreDataProperties.h"; sourceTree = "<group>"; };
		EF900B031C64AC490097379C /* BranchStorage+CoreDataProperties.m */ = {isa = PBXFileReference; fileEncoding = 4; lastKnownFileType = sourcecode.c.objc; path = "BranchStorage+CoreDataProperties.m"; sourceTree = "<group>"; };
		EF900B041C64AC490097379C /* BranchStorage.h */ = {isa = PBXFileReference; fileEncoding = 4; lastKnownFileType = sourcecode.c.h; path = BranchStorage.h; sourceTree = "<group>"; };
		EF900B051C64AC490097379C /* BranchStorage.m */ = {isa = PBXFileReference; fileEncoding = 4; lastKnownFileType = sourcecode.c.objc; path = BranchStorage.m; sourceTree = "<group>"; };
/* End PBXFileReference section */

/* Begin PBXFrameworksBuildPhase section */
		97ED585A1C5796BC004724A3 /* Frameworks */ = {
			isa = PBXFrameworksBuildPhase;
			buildActionMask = 2147483647;
			files = (
				401ED9791C5F53F9006CFBBB /* MessageUI.framework in Frameworks */,
			);
			runOnlyForDeploymentPostprocessing = 0;
		};
/* End PBXFrameworksBuildPhase section */

/* Begin PBXGroup section */
		401ED96E1C5BE1E2006CFBBB /* Fetching */ = {
			isa = PBXGroup;
			children = (
				401ED9711C5BE1F3006CFBBB /* Fetcher.h */,
				401ED9721C5BE1F3006CFBBB /* Fetcher.m */,
				401ED9731C5BE1F3006CFBBB /* ReportDataForTable.h */,
				401ED9741C5BE1F3006CFBBB /* ReportDataForTable.m */,
				401ED96F1C5BE1F3006CFBBB /* AverageCurrency.h */,
				401ED9701C5BE1F3006CFBBB /* AverageCurrency.m */,
			);
			name = Fetching;
			sourceTree = "<group>";
		};
		401ED97A1C5F5423006CFBBB /* Frameworks */ = {
			isa = PBXGroup;
			children = (
				401ED9781C5F53F9006CFBBB /* MessageUI.framework */,
			);
			name = Frameworks;
			sourceTree = "<group>";
		};
		401EDA541C63B7BF006CFBBB /* Metal */ = {
			isa = PBXGroup;
			children = (
				408D840C1C660D56008BCD5B /* Prices+CoreDataProperties.h */,
				408D840D1C660D56008BCD5B /* Prices+CoreDataProperties.m */,
				408D840E1C660D56008BCD5B /* MetalData+CoreDataProperties.h */,
				408D840F1C660D56008BCD5B /* MetalData+CoreDataProperties.m */,
				401EDA4E1C63B7AC006CFBBB /* Prices.h */,
				401EDA4F1C63B7AC006CFBBB /* Prices.m */,
				401EDA4A1C63B7AC006CFBBB /* MetalData.h */,
				401EDA4B1C63B7AC006CFBBB /* MetalData.m */,
			);
			name = Metal;
			sourceTree = "<group>";
		};
		6A29890C1C58AEFA006328A5 /* UI */ = {
			isa = PBXGroup;
			children = (
				401EDA031C60F930006CFBBB /* MSWeakTimer.h */,
				401EDA041C60F930006CFBBB /* MSWeakTimer.m */,
				6A85736D1C64C6220002F634 /* CustomNavigationController.h */,
				6A85736E1C64C6220002F634 /* CustomNavigationController.m */,
				6A29419E1C58CD7E00C5D207 /* MainScreenViewController.h */,
				6A29419F1C58CD7E00C5D207 /* MainScreenViewController.m */,
				979339E11C58D9A000A674D1 /* CurencyCourseGraph.h */,
				979339E21C58D9A000A674D1 /* CurencyCourseGraph.m */,
				6A29C59A1C5A3BB50032B74D /* GraphDrawer.h */,
				6A29C59B1C5A3BB60032B74D /* GraphDrawer.m */,
				4022725F1C6752DA00E0C5AD /* MainScreenDrawer.h */,
				402272601C6752DA00E0C5AD /* MainScreenDrawer.m */,
				6A29890F1C58AF44006328A5 /* show banks */,
				6A29890E1C58AF3D006328A5 /* earn */,
				6A29890D1C58AF32006328A5 /* convert */,
			);
			name = UI;
			sourceTree = "<group>";
		};
		6A29890D1C58AF32006328A5 /* convert */ = {
			isa = PBXGroup;
			children = (
				6A2989101C58AFDA006328A5 /* ConvertMoneyViewController.h */,
				6A2989111C58AFDA006328A5 /* ConvertMoneyViewController.m */,
			);
			name = convert;
			sourceTree = "<group>";
		};
		6A29890E1C58AF3D006328A5 /* earn */ = {
			isa = PBXGroup;
			children = (
				6A99E0021C687EC300C62973 /* postedGoalsGallery */,
				6A80BF801C5E25F600B57EC5 /* EarninigGoalsTVC */,
				6A193CEA1C57BD3800093B36 /* EarnMoneyViewController.h */,
				6A193CEB1C57BD3800093B36 /* EarnMoneyViewController.m */,
				6A19D05D1C58035900529993 /* EarnMoneyGraphView.h */,
				6A19D05E1C58035900529993 /* EarnMoneyGraphView.m */,
				6A193CED1C57C13E00093B36 /* AddControlPointToEarnMoneyViewController.h */,
				6A193CEE1C57C13E00093B36 /* AddControlPointToEarnMoneyViewController.m */,
				6A1DBB9C1C5957E700859520 /* ControllPoint.h */,
				6A1DBB9D1C5957E700859520 /* ControllPoint.m */,
				6A1A15531C5AD6F9003A3044 /* Line.h */,
				6A1A15541C5AD6F9003A3044 /* Line.m */,
				6A193CF01C57C9E900093B36 /* ShareGoalsViewController.h */,
				6A193CF11C57C9E900093B36 /* ShareGoalsViewController.m */,
				6A193CF31C57CF0500093B36 /* WebSharingViewController.h */,
				6A193CF41C57CF0500093B36 /* WebSharingViewController.m */,
				6AA459071C5D3A7900415698 /* EarnNotificationView.h */,
				6AA459081C5D3A7900415698 /* EarnNotificationView.m */,
			);
			name = earn;
			sourceTree = "<group>";
		};
		6A29890F1C58AF44006328A5 /* show banks */ = {
			isa = PBXGroup;
			children = (
				6A193CF61C57DB3000093B36 /* BanksTableViewController.h */,
				6A193CF71C57DB3000093B36 /* BanksTableViewController.m */,
			);
			name = "show banks";
			sourceTree = "<group>";
		};
		6A7E68721C652F30003E54BC /* CP */ = {
			isa = PBXGroup;
			children = (
				6A8E90771C5BFDA70069BABC /* ControlPointsEarnChecker.h */,
				6A8E90781C5BFDA70069BABC /* ControlPointsEarnChecker.m */,
			);
			name = CP;
			sourceTree = "<group>";
		};
		6A7E68731C652F3D003E54BC /* vkOAuth */ = {
			isa = PBXGroup;
			children = (
				6AA421EA1C66736C00F91BDB /* VKUser.h */,
				6AA421EB1C66736C00F91BDB /* VKUser.m */,
				6AA421AC1C666AA200F91BDB /* VKServerManager.h */,
				6AA421AD1C666AA200F91BDB /* VKServerManager.m */,
				6A7E68741C653B6C003E54BC /* VKLoginViewController.h */,
				6A7E68751C653B6C003E54BC /* VKLoginViewController.m */,
				6A7E68771C653CB3003E54BC /* VKAccessToken.h */,
				6A7E68781C653CB3003E54BC /* VKAccessToken.m */,
				6AA421E71C666E5B00F91BDB /* VKFriend.h */,
				6AA421E81C666E5B00F91BDB /* VKFriend.m */,
			);
			name = vkOAuth;
			sourceTree = "<group>";
		};
		6A80BF801C5E25F600B57EC5 /* EarninigGoalsTVC */ = {
			isa = PBXGroup;
			children = (
				6A80BF7D1C5E22B300B57EC5 /* EarningGoalsTableViewController.h */,
				6A80BF7E1C5E22B300B57EC5 /* EarningGoalsTableViewController.m */,
				6A80BF811C5E264D00B57EC5 /* CustomEGTableViewCell.h */,
				6A80BF821C5E264D00B57EC5 /* CustomEGTableViewCell.m */,
				6A7109781C602B0A002B49D1 /* ProtocolHeader.h */,
			);
			name = EarninigGoalsTVC;
			sourceTree = "<group>";
		};
		6A8E90711C5BB29A0069BABC /* ControlPoint */ = {
			isa = PBXGroup;
			children = (
				6A8E906B1C5BB28A0069BABC /* CDControlPoint+CoreDataProperties.h */,
				6A8E906C1C5BB28A0069BABC /* CDControlPoint+CoreDataProperties.m */,
				6A8E906D1C5BB28A0069BABC /* CDControlPoint.h */,
				6A8E906E1C5BB28A0069BABC /* CDControlPoint.m */,
				6A8E90721C5BB8760069BABC /* ControlPointCDManager.h */,
				6A8E90731C5BB8760069BABC /* ControlPointCDManager.m */,
				6A80BF841C5E31A700B57EC5 /* ControlPointsCDSotrer.h */,
				6A80BF851C5E31A700B57EC5 /* ControlPointsCDSotrer.m */,
			);
			name = ControlPoint;
			sourceTree = "<group>";
		};
		6A8E90761C5BFCDF0069BABC /* model */ = {
			isa = PBXGroup;
			children = (
				6A7E68731C652F3D003E54BC /* vkOAuth */,
				6A7E68721C652F30003E54BC /* CP */,
			);
			name = model;
			sourceTree = "<group>";
		};
		6A99E0021C687EC300C62973 /* postedGoalsGallery */ = {
			isa = PBXGroup;
			children = (
				6A99E0031C687F1A00C62973 /* PostedGoalsCollectionViewController.h */,
				6A99E0041C687F1A00C62973 /* PostedGoalsCollectionViewController.m */,
				6A99E0061C687F4F00C62973 /* CustomCollectionViewCell.h */,
				6A99E0071C687F4F00C62973 /* CustomCollectionViewCell.m */,
			);
			name = postedGoalsGallery;
			sourceTree = "<group>";
		};
		6AA421AF1C666ABA00F91BDB /* Libraries */ = {
			isa = PBXGroup;
			children = (
				6AA421B01C666B2A00F91BDB /* AFNetworking */,
				6AA421C41C666B2A00F91BDB /* UIKit+AFNetworking */,
			);
			name = Libraries;
			sourceTree = "<group>";
		};
		6AA421B01C666B2A00F91BDB /* AFNetworking */ = {
			isa = PBXGroup;
			children = (
				6AA421B11C666B2A00F91BDB /* AFHTTPRequestOperation.h */,
				6AA421B21C666B2A00F91BDB /* AFHTTPRequestOperation.m */,
				6AA421B31C666B2A00F91BDB /* AFHTTPRequestOperationManager.h */,
				6AA421B41C666B2A00F91BDB /* AFHTTPRequestOperationManager.m */,
				6AA421B51C666B2A00F91BDB /* AFHTTPSessionManager.h */,
				6AA421B61C666B2A00F91BDB /* AFHTTPSessionManager.m */,
				6AA421B71C666B2A00F91BDB /* AFNetworking.h */,
				6AA421B81C666B2A00F91BDB /* AFNetworkReachabilityManager.h */,
				6AA421B91C666B2A00F91BDB /* AFNetworkReachabilityManager.m */,
				6AA421BA1C666B2A00F91BDB /* AFSecurityPolicy.h */,
				6AA421BB1C666B2A00F91BDB /* AFSecurityPolicy.m */,
				6AA421BC1C666B2A00F91BDB /* AFURLConnectionOperation.h */,
				6AA421BD1C666B2A00F91BDB /* AFURLConnectionOperation.m */,
				6AA421BE1C666B2A00F91BDB /* AFURLRequestSerialization.h */,
				6AA421BF1C666B2A00F91BDB /* AFURLRequestSerialization.m */,
				6AA421C01C666B2A00F91BDB /* AFURLResponseSerialization.h */,
				6AA421C11C666B2A00F91BDB /* AFURLResponseSerialization.m */,
				6AA421C21C666B2A00F91BDB /* AFURLSessionManager.h */,
				6AA421C31C666B2A00F91BDB /* AFURLSessionManager.m */,
			);
			name = AFNetworking;
			path = Libraries/AFNetworking;
			sourceTree = "<group>";
		};
		6AA421C41C666B2A00F91BDB /* UIKit+AFNetworking */ = {
			isa = PBXGroup;
			children = (
				6AA421C51C666B2A00F91BDB /* AFNetworkActivityIndicatorManager.h */,
				6AA421C61C666B2A00F91BDB /* AFNetworkActivityIndicatorManager.m */,
				6AA421C71C666B2A00F91BDB /* UIActivityIndicatorView+AFNetworking.h */,
				6AA421C81C666B2A00F91BDB /* UIActivityIndicatorView+AFNetworking.m */,
				6AA421C91C666B2A00F91BDB /* UIAlertView+AFNetworking.h */,
				6AA421CA1C666B2A00F91BDB /* UIAlertView+AFNetworking.m */,
				6AA421CB1C666B2A00F91BDB /* UIButton+AFNetworking.h */,
				6AA421CC1C666B2A00F91BDB /* UIButton+AFNetworking.m */,
				6AA421CD1C666B2A00F91BDB /* UIImageView+AFNetworking.h */,
				6AA421CE1C666B2A00F91BDB /* UIImageView+AFNetworking.m */,
				6AA421CF1C666B2A00F91BDB /* UIKit+AFNetworking.h */,
				6AA421D01C666B2A00F91BDB /* UIProgressView+AFNetworking.h */,
				6AA421D11C666B2A00F91BDB /* UIProgressView+AFNetworking.m */,
				6AA421D21C666B2A00F91BDB /* UIRefreshControl+AFNetworking.h */,
				6AA421D31C666B2A00F91BDB /* UIRefreshControl+AFNetworking.m */,
				6AA421D41C666B2A00F91BDB /* UIWebView+AFNetworking.h */,
				6AA421D51C666B2A00F91BDB /* UIWebView+AFNetworking.m */,
			);
			name = "UIKit+AFNetworking";
			path = "Libraries/UIKit+AFNetworking";
			sourceTree = "<group>";
		};
		97ED58541C5796BC004724A3 = {
			isa = PBXGroup;
			children = (
				97ED585F1C5796BC004724A3 /* CurrencyExchange */,
				97ED585E1C5796BC004724A3 /* Products */,
			);
			sourceTree = "<group>";
		};
		97ED585E1C5796BC004724A3 /* Products */ = {
			isa = PBXGroup;
			children = (
				97ED585D1C5796BC004724A3 /* CurrencyExchange.app */,
			);
			name = Products;
			sourceTree = "<group>";
		};
		97ED585F1C5796BC004724A3 /* CurrencyExchange */ = {
			isa = PBXGroup;
			children = (
				6AA421AF1C666ABA00F91BDB /* Libraries */,
				EFD86A811C5B4FF20015CC37 /* Processing Files */,
				EFD86A801C5B4FDF0015CC37 /* Core Data Models */,
				6A29890C1C58AEFA006328A5 /* UI */,
				6A8E90761C5BFCDF0069BABC /* model */,
				97ED58631C5796BC004724A3 /* AppDelegate.h */,
				97ED58641C5796BC004724A3 /* AppDelegate.m */,
				97ED586F1C5796BC004724A3 /* Assets.xcassets */,
				6A7E68701C64EDFF003E54BC /* Main.storyboard */,
				97ED58601C5796BC004724A3 /* Supporting Files */,
			);
			path = CurrencyExchange;
			sourceTree = "<group>";
		};
		97ED58601C5796BC004724A3 /* Supporting Files */ = {
			isa = PBXGroup;
			children = (
				401ED97A1C5F5423006CFBBB /* Frameworks */,
				97ED58711C5796BC004724A3 /* LaunchScreen.storyboard */,
				97ED58741C5796BC004724A3 /* Info.plist */,
				97ED58611C5796BC004724A3 /* main.m */,
			);
			name = "Supporting Files";
			sourceTree = "<group>";
		};
		EFD86A801C5B4FDF0015CC37 /* Core Data Models */ = {
			isa = PBXGroup;
			children = (
				401ED96E1C5BE1E2006CFBBB /* Fetching */,
				6A8E90711C5BB29A0069BABC /* ControlPoint */,
				97ED586C1C5796BC004724A3 /* CurrencyExchange.xcdatamodeld */,
				401EDA541C63B7BF006CFBBB /* Metal */,
				EF0616891C5B524C0097B505 /* BankData+CoreDataProperties.h */,
				EF06168A1C5B524C0097B505 /* BankData+CoreDataProperties.m */,
				EF06168B1C5B524C0097B505 /* BankData.h */,
				EF06168C1C5B524C0097B505 /* BankData.m */,
				EF06168D1C5B524C0097B505 /* ObjectData+CoreDataProperties.h */,
				EF06168E1C5B524C0097B505 /* ObjectData+CoreDataProperties.m */,
				EF06168F1C5B524C0097B505 /* ObjectData.h */,
				EF0616901C5B524C0097B505 /* ObjectData.m */,
				EF0616911C5B524C0097B505 /* CurrencyData+CoreDataProperties.h */,
				EF0616921C5B524C0097B505 /* CurrencyData+CoreDataProperties.m */,
				EF0616931C5B524C0097B505 /* CurrencyData.h */,
				EF0616941C5B524C0097B505 /* CurrencyData.m */,
				EF0616951C5B524C0097B505 /* BranchData+CoreDataProperties.h */,
				EF0616961C5B524C0097B505 /* BranchData+CoreDataProperties.m */,
				EF0616971C5B524C0097B505 /* BranchData.h */,
				EF0616981C5B524C0097B505 /* BranchData.m */,
				EF900B021C64AC490097379C /* BranchStorage+CoreDataProperties.h */,
				EF900B031C64AC490097379C /* BranchStorage+CoreDataProperties.m */,
				EF900B041C64AC490097379C /* BranchStorage.h */,
				EF900B051C64AC490097379C /* BranchStorage.m */,
			);
			name = "Core Data Models";
			sourceTree = "<group>";
		};
		EFD86A811C5B4FF20015CC37 /* Processing Files */ = {
			isa = PBXGroup;
			children = (
				EF0616A41C5B52A90097B505 /* JSONParseCoreDataSave.h */,
				EF0616A51C5B52A90097B505 /* JSONParseCoreDataSave.m */,
				401EDA551C63C7E8006CFBBB /* MetalJSONParse.h */,
				401EDA561C63C7E8006CFBBB /* MetalJSONParse.m */,
				EF0616AD1C5B983A0097B505 /* TestCoreData.h */,
				EF0616AE1C5B983A0097B505 /* TestCoreData.m */,
				EF0320821C635D7B0032C699 /* BankInfo.h */,
				EF0320831C635D7B0032C699 /* BankInfo.m */,
				EF0320851C635D920032C699 /* BranchInfo.h */,
				EF0320861C635D920032C699 /* BranchInfo.m */,
			);
			name = "Processing Files";
			sourceTree = "<group>";
		};
/* End PBXGroup section */

/* Begin PBXNativeTarget section */
		97ED585C1C5796BC004724A3 /* CurrencyExchange */ = {
			isa = PBXNativeTarget;
			buildConfigurationList = 97ED58771C5796BC004724A3 /* Build configuration list for PBXNativeTarget "CurrencyExchange" */;
			buildPhases = (
				97ED58591C5796BC004724A3 /* Sources */,
				97ED585A1C5796BC004724A3 /* Frameworks */,
				97ED585B1C5796BC004724A3 /* Resources */,
			);
			buildRules = (
			);
			dependencies = (
			);
			name = CurrencyExchange;
			productName = CurrencyExchange;
			productReference = 97ED585D1C5796BC004724A3 /* CurrencyExchange.app */;
			productType = "com.apple.product-type.application";
		};
/* End PBXNativeTarget section */

/* Begin PBXProject section */
		97ED58551C5796BC004724A3 /* Project object */ = {
			isa = PBXProject;
			attributes = {
				LastUpgradeCheck = 0710;
				ORGANIZATIONNAME = "Roman Stasiv";
				TargetAttributes = {
					97ED585C1C5796BC004724A3 = {
						CreatedOnToolsVersion = 7.1.1;
						DevelopmentTeam = Q9XY29X7Y2;
						SystemCapabilities = {
							com.apple.BackgroundModes = {
								enabled = 1;
							};
						};
					};
				};
			};
			buildConfigurationList = 97ED58581C5796BC004724A3 /* Build configuration list for PBXProject "CurrencyExchange" */;
			compatibilityVersion = "Xcode 3.2";
			developmentRegion = English;
			hasScannedForEncodings = 0;
			knownRegions = (
				en,
				Base,
			);
			mainGroup = 97ED58541C5796BC004724A3;
			productRefGroup = 97ED585E1C5796BC004724A3 /* Products */;
			projectDirPath = "";
			projectRoot = "";
			targets = (
				97ED585C1C5796BC004724A3 /* CurrencyExchange */,
			);
		};
/* End PBXProject section */

/* Begin PBXResourcesBuildPhase section */
		97ED585B1C5796BC004724A3 /* Resources */ = {
			isa = PBXResourcesBuildPhase;
			buildActionMask = 2147483647;
			files = (
				6A7E68711C64EDFF003E54BC /* Main.storyboard in Resources */,
				97ED58731C5796BC004724A3 /* LaunchScreen.storyboard in Resources */,
				97ED58701C5796BC004724A3 /* Assets.xcassets in Resources */,
			);
			runOnlyForDeploymentPostprocessing = 0;
		};
/* End PBXResourcesBuildPhase section */

/* Begin PBXSourcesBuildPhase section */
		97ED58591C5796BC004724A3 /* Sources */ = {
			isa = PBXSourcesBuildPhase;
			buildActionMask = 2147483647;
			files = (
				6AA421DB1C666B2A00F91BDB /* AFURLConnectionOperation.m in Sources */,
				EF06169D1C5B524C0097B505 /* CurrencyData+CoreDataProperties.m in Sources */,
				6AA421E21C666B2A00F91BDB /* UIButton+AFNetworking.m in Sources */,
				401EDA511C63B7AC006CFBBB /* MetalData.m in Sources */,
				6A193CEF1C57C13E00093B36 /* AddControlPointToEarnMoneyViewController.m in Sources */,
				6A193CF21C57C9E900093B36 /* ShareGoalsViewController.m in Sources */,
				EF06169F1C5B524C0097B505 /* BranchData+CoreDataProperties.m in Sources */,
				EF0616AF1C5B983A0097B505 /* TestCoreData.m in Sources */,
				6A193CF81C57DB3000093B36 /* BanksTableViewController.m in Sources */,
				401EDA531C63B7AC006CFBBB /* Prices.m in Sources */,
				97ED58651C5796BC004724A3 /* AppDelegate.m in Sources */,
				401EDA051C60F930006CFBBB /* MSWeakTimer.m in Sources */,
				401ED9761C5BE1F3006CFBBB /* Fetcher.m in Sources */,
				6AA421DC1C666B2A00F91BDB /* AFURLRequestSerialization.m in Sources */,
				6AA421E01C666B2A00F91BDB /* UIActivityIndicatorView+AFNetworking.m in Sources */,
				6AA421E11C666B2A00F91BDB /* UIAlertView+AFNetworking.m in Sources */,
				6AA421DE1C666B2A00F91BDB /* AFURLSessionManager.m in Sources */,
				6A193CEC1C57BD3800093B36 /* EarnMoneyViewController.m in Sources */,
				6A8E906F1C5BB28A0069BABC /* CDControlPoint+CoreDataProperties.m in Sources */,
				EF06169E1C5B524C0097B505 /* CurrencyData.m in Sources */,
				EF0320871C635D920032C699 /* BranchInfo.m in Sources */,
				6AA421D61C666B2A00F91BDB /* AFHTTPRequestOperation.m in Sources */,
				401EDA571C63C7E8006CFBBB /* MetalJSONParse.m in Sources */,
				408D84111C660D56008BCD5B /* MetalData+CoreDataProperties.m in Sources */,
				6A1DBB9E1C5957E700859520 /* ControllPoint.m in Sources */,
				EF06169B1C5B524C0097B505 /* ObjectData+CoreDataProperties.m in Sources */,
				6A85736F1C64C6220002F634 /* CustomNavigationController.m in Sources */,
				6A80BF831C5E264D00B57EC5 /* CustomEGTableViewCell.m in Sources */,
				6A80BF861C5E31A700B57EC5 /* ControlPointsCDSotrer.m in Sources */,
				402272611C6752DA00E0C5AD /* MainScreenDrawer.m in Sources */,
				6A2989121C58AFDA006328A5 /* ConvertMoneyViewController.m in Sources */,
				EF06169C1C5B524C0097B505 /* ObjectData.m in Sources */,
				6A80BF7F1C5E22B300B57EC5 /* EarningGoalsTableViewController.m in Sources */,
				6A8E90791C5BFDA70069BABC /* ControlPointsEarnChecker.m in Sources */,
				6A19D05F1C58035900529993 /* EarnMoneyGraphView.m in Sources */,
				EF900B071C64AC490097379C /* BranchStorage.m in Sources */,
				6A99E0051C687F1A00C62973 /* PostedGoalsCollectionViewController.m in Sources */,
				6A7E68761C653B6C003E54BC /* VKLoginViewController.m in Sources */,
				EF0616A01C5B524C0097B505 /* BranchData.m in Sources */,
				6A8E90741C5BB8760069BABC /* ControlPointCDManager.m in Sources */,
				6AA421DA1C666B2A00F91BDB /* AFSecurityPolicy.m in Sources */,
				EF0616991C5B524C0097B505 /* BankData+CoreDataProperties.m in Sources */,
				979339E31C58D9A000A674D1 /* CurencyCourseGraph.m in Sources */,
				6A8E90701C5BB28A0069BABC /* CDControlPoint.m in Sources */,
				6A1A15551C5AD6F9003A3044 /* Line.m in Sources */,
				6AA421E91C666E5B00F91BDB /* VKFriend.m in Sources */,
				6AA421E31C666B2A00F91BDB /* UIImageView+AFNetworking.m in Sources */,
				EF900B061C64AC490097379C /* BranchStorage+CoreDataProperties.m in Sources */,
				EF0320841C635D7B0032C699 /* BankInfo.m in Sources */,
				6A29C59C1C5A3BB60032B74D /* GraphDrawer.m in Sources */,
				EF0616A61C5B52A90097B505 /* JSONParseCoreDataSave.m in Sources */,
				6AA421DF1C666B2A00F91BDB /* AFNetworkActivityIndicatorManager.m in Sources */,
				6AA421D81C666B2A00F91BDB /* AFHTTPSessionManager.m in Sources */,
				EF06169A1C5B524C0097B505 /* BankData.m in Sources */,
				401ED9751C5BE1F3006CFBBB /* AverageCurrency.m in Sources */,
				6AA459091C5D3A7900415698 /* EarnNotificationView.m in Sources */,
				97ED58621C5796BC004724A3 /* main.m in Sources */,
				6AA421EC1C66736C00F91BDB /* VKUser.m in Sources */,
				6AA421DD1C666B2A00F91BDB /* AFURLResponseSerialization.m in Sources */,
				6A2941A01C58CD7E00C5D207 /* MainScreenViewController.m in Sources */,
				6AA421E61C666B2A00F91BDB /* UIWebView+AFNetworking.m in Sources */,
				6AA421D91C666B2A00F91BDB /* AFNetworkReachabilityManager.m in Sources */,
				6A193CF51C57CF0500093B36 /* WebSharingViewController.m in Sources */,
				6AA421D71C666B2A00F91BDB /* AFHTTPRequestOperationManager.m in Sources */,
				6AA421AE1C666AA200F91BDB /* VKServerManager.m in Sources */,
				6A7E68791C653CB3003E54BC /* VKAccessToken.m in Sources */,
				6AA421E51C666B2A00F91BDB /* UIRefreshControl+AFNetworking.m in Sources */,
				401ED9771C5BE1F3006CFBBB /* ReportDataForTable.m in Sources */,
				6A99E0081C687F4F00C62973 /* CustomCollectionViewCell.m in Sources */,
				97ED586E1C5796BC004724A3 /* CurrencyExchange.xcdatamodeld in Sources */,
				6AA421E41C666B2A00F91BDB /* UIProgressView+AFNetworking.m in Sources */,
			);
			runOnlyForDeploymentPostprocessing = 0;
		};
/* End PBXSourcesBuildPhase section */

/* Begin PBXVariantGroup section */
		97ED58711C5796BC004724A3 /* LaunchScreen.storyboard */ = {
			isa = PBXVariantGroup;
			children = (
				97ED58721C5796BC004724A3 /* Base */,
			);
			name = LaunchScreen.storyboard;
			sourceTree = "<group>";
		};
/* End PBXVariantGroup section */

/* Begin XCBuildConfiguration section */
		97ED58751C5796BC004724A3 /* Debug */ = {
			isa = XCBuildConfiguration;
			buildSettings = {
				ALWAYS_SEARCH_USER_PATHS = NO;
				CLANG_CXX_LANGUAGE_STANDARD = "gnu++0x";
				CLANG_CXX_LIBRARY = "libc++";
				CLANG_ENABLE_MODULES = YES;
				CLANG_ENABLE_OBJC_ARC = YES;
				CLANG_WARN_BOOL_CONVERSION = YES;
				CLANG_WARN_CONSTANT_CONVERSION = YES;
				CLANG_WARN_DIRECT_OBJC_ISA_USAGE = YES_ERROR;
				CLANG_WARN_EMPTY_BODY = YES;
				CLANG_WARN_ENUM_CONVERSION = YES;
				CLANG_WARN_INT_CONVERSION = YES;
				CLANG_WARN_OBJC_ROOT_CLASS = YES_ERROR;
				CLANG_WARN_UNREACHABLE_CODE = YES;
				CLANG_WARN__DUPLICATE_METHOD_MATCH = YES;
				"CODE_SIGN_IDENTITY[sdk=iphoneos*]" = "iPhone Developer";
				COPY_PHASE_STRIP = NO;
				DEBUG_INFORMATION_FORMAT = dwarf;
				ENABLE_STRICT_OBJC_MSGSEND = YES;
				ENABLE_TESTABILITY = YES;
				GCC_C_LANGUAGE_STANDARD = gnu99;
				GCC_DYNAMIC_NO_PIC = NO;
				GCC_NO_COMMON_BLOCKS = YES;
				GCC_OPTIMIZATION_LEVEL = 0;
				GCC_PREPROCESSOR_DEFINITIONS = (
					"DEBUG=1",
					"$(inherited)",
				);
				GCC_WARN_64_TO_32_BIT_CONVERSION = YES;
				GCC_WARN_ABOUT_RETURN_TYPE = YES_ERROR;
				GCC_WARN_UNDECLARED_SELECTOR = YES;
				GCC_WARN_UNINITIALIZED_AUTOS = YES_AGGRESSIVE;
				GCC_WARN_UNUSED_FUNCTION = YES;
				GCC_WARN_UNUSED_VARIABLE = YES;
				IPHONEOS_DEPLOYMENT_TARGET = 9.1;
				MTL_ENABLE_DEBUG_INFO = YES;
				ONLY_ACTIVE_ARCH = YES;
				SDKROOT = iphoneos;
				TARGETED_DEVICE_FAMILY = "1,2";
			};
			name = Debug;
		};
		97ED58761C5796BC004724A3 /* Release */ = {
			isa = XCBuildConfiguration;
			buildSettings = {
				ALWAYS_SEARCH_USER_PATHS = NO;
				CLANG_CXX_LANGUAGE_STANDARD = "gnu++0x";
				CLANG_CXX_LIBRARY = "libc++";
				CLANG_ENABLE_MODULES = YES;
				CLANG_ENABLE_OBJC_ARC = YES;
				CLANG_WARN_BOOL_CONVERSION = YES;
				CLANG_WARN_CONSTANT_CONVERSION = YES;
				CLANG_WARN_DIRECT_OBJC_ISA_USAGE = YES_ERROR;
				CLANG_WARN_EMPTY_BODY = YES;
				CLANG_WARN_ENUM_CONVERSION = YES;
				CLANG_WARN_INT_CONVERSION = YES;
				CLANG_WARN_OBJC_ROOT_CLASS = YES_ERROR;
				CLANG_WARN_UNREACHABLE_CODE = YES;
				CLANG_WARN__DUPLICATE_METHOD_MATCH = YES;
				"CODE_SIGN_IDENTITY[sdk=iphoneos*]" = "iPhone Developer";
				COPY_PHASE_STRIP = NO;
				DEBUG_INFORMATION_FORMAT = "dwarf-with-dsym";
				ENABLE_NS_ASSERTIONS = NO;
				ENABLE_STRICT_OBJC_MSGSEND = YES;
				GCC_C_LANGUAGE_STANDARD = gnu99;
				GCC_NO_COMMON_BLOCKS = YES;
				GCC_WARN_64_TO_32_BIT_CONVERSION = YES;
				GCC_WARN_ABOUT_RETURN_TYPE = YES_ERROR;
				GCC_WARN_UNDECLARED_SELECTOR = YES;
				GCC_WARN_UNINITIALIZED_AUTOS = YES_AGGRESSIVE;
				GCC_WARN_UNUSED_FUNCTION = YES;
				GCC_WARN_UNUSED_VARIABLE = YES;
				IPHONEOS_DEPLOYMENT_TARGET = 9.1;
				MTL_ENABLE_DEBUG_INFO = NO;
				SDKROOT = iphoneos;
				TARGETED_DEVICE_FAMILY = "1,2";
				VALIDATE_PRODUCT = YES;
			};
			name = Release;
		};
		97ED58781C5796BC004724A3 /* Debug */ = {
			isa = XCBuildConfiguration;
			buildSettings = {
				ASSETCATALOG_COMPILER_APPICON_NAME = AppIcon;
				CODE_SIGN_IDENTITY = "iPhone Developer";
				"CODE_SIGN_IDENTITY[sdk=iphoneos*]" = "iPhone Developer";
				INFOPLIST_FILE = CurrencyExchange/Info.plist;
				LD_RUNPATH_SEARCH_PATHS = "$(inherited) @executable_path/Frameworks";
				PRODUCT_BUNDLE_IDENTIFIER = "lv-ios171.CurrencyExchange";
				PRODUCT_NAME = "$(TARGET_NAME)";
				PROVISIONING_PROFILE = "";
			};
			name = Debug;
		};
		97ED58791C5796BC004724A3 /* Release */ = {
			isa = XCBuildConfiguration;
			buildSettings = {
				ASSETCATALOG_COMPILER_APPICON_NAME = AppIcon;
				CODE_SIGN_IDENTITY = "iPhone Developer";
				"CODE_SIGN_IDENTITY[sdk=iphoneos*]" = "iPhone Developer";
				INFOPLIST_FILE = CurrencyExchange/Info.plist;
				LD_RUNPATH_SEARCH_PATHS = "$(inherited) @executable_path/Frameworks";
				PRODUCT_BUNDLE_IDENTIFIER = "lv-ios171.CurrencyExchange";
				PRODUCT_NAME = "$(TARGET_NAME)";
				PROVISIONING_PROFILE = "";
			};
			name = Release;
		};
/* End XCBuildConfiguration section */

/* Begin XCConfigurationList section */
		97ED58581C5796BC004724A3 /* Build configuration list for PBXProject "CurrencyExchange" */ = {
			isa = XCConfigurationList;
			buildConfigurations = (
				97ED58751C5796BC004724A3 /* Debug */,
				97ED58761C5796BC004724A3 /* Release */,
			);
			defaultConfigurationIsVisible = 0;
			defaultConfigurationName = Release;
		};
		97ED58771C5796BC004724A3 /* Build configuration list for PBXNativeTarget "CurrencyExchange" */ = {
			isa = XCConfigurationList;
			buildConfigurations = (
				97ED58781C5796BC004724A3 /* Debug */,
				97ED58791C5796BC004724A3 /* Release */,
			);
			defaultConfigurationIsVisible = 0;
			defaultConfigurationName = Release;
		};
/* End XCConfigurationList section */

/* Begin XCVersionGroup section */
		97ED586C1C5796BC004724A3 /* CurrencyExchange.xcdatamodeld */ = {
			isa = XCVersionGroup;
			children = (
				97ED586D1C5796BC004724A3 /* CurrencyExchange.xcdatamodel */,
			);
			currentVersion = 97ED586D1C5796BC004724A3 /* CurrencyExchange.xcdatamodel */;
			path = CurrencyExchange.xcdatamodeld;
			sourceTree = "<group>";
			versionGroupType = wrapper.xcdatamodel;
		};
/* End XCVersionGroup section */
	};
	rootObject = 97ED58551C5796BC004724A3 /* Project object */;
}
