// !$*UTF8*$!
{
	archiveVersion = 1;
	classes = {
	};
	objectVersion = 46;
	objects = {

/* Begin PBXBuildFile section */
		6A193CEC1C57BD3800093B36 /* EarnMoneyViewController.m in Sources */ = {isa = PBXBuildFile; fileRef = 6A193CEB1C57BD3800093B36 /* EarnMoneyViewController.m */; };
		6A193CEF1C57C13E00093B36 /* AddControlPointToEarnMoneyViewController.m in Sources */ = {isa = PBXBuildFile; fileRef = 6A193CEE1C57C13E00093B36 /* AddControlPointToEarnMoneyViewController.m */; };
		6A193CF21C57C9E900093B36 /* ShareGoalsViewController.m in Sources */ = {isa = PBXBuildFile; fileRef = 6A193CF11C57C9E900093B36 /* ShareGoalsViewController.m */; };
		6A193CF51C57CF0500093B36 /* WebSharingViewController.m in Sources */ = {isa = PBXBuildFile; fileRef = 6A193CF41C57CF0500093B36 /* WebSharingViewController.m */; };
		6A193CF81C57DB3000093B36 /* BanksTableViewController.m in Sources */ = {isa = PBXBuildFile; fileRef = 6A193CF71C57DB3000093B36 /* BanksTableViewController.m */; };
		6A19D05F1C58035900529993 /* EarnMoneyGraphView.m in Sources */ = {isa = PBXBuildFile; fileRef = 6A19D05E1C58035900529993 /* EarnMoneyGraphView.m */; };
		6A1DBB9E1C5957E700859520 /* ControllPoint.m in Sources */ = {isa = PBXBuildFile; fileRef = 6A1DBB9D1C5957E700859520 /* ControllPoint.m */; };
		6A2941A01C58CD7E00C5D207 /* MainScreenViewController.m in Sources */ = {isa = PBXBuildFile; fileRef = 6A29419F1C58CD7E00C5D207 /* MainScreenViewController.m */; };
		6A2989121C58AFDA006328A5 /* ConvertMoneyViewController.m in Sources */ = {isa = PBXBuildFile; fileRef = 6A2989111C58AFDA006328A5 /* ConvertMoneyViewController.m */; };
		6A29C59C1C5A3BB60032B74D /* GraphDrawer.m in Sources */ = {isa = PBXBuildFile; fileRef = 6A29C59B1C5A3BB60032B74D /* GraphDrawer.m */; };
		979339E31C58D9A000A674D1 /* CurencyCourseGraph.m in Sources */ = {isa = PBXBuildFile; fileRef = 979339E21C58D9A000A674D1 /* CurencyCourseGraph.m */; };
		97ED58621C5796BC004724A3 /* main.m in Sources */ = {isa = PBXBuildFile; fileRef = 97ED58611C5796BC004724A3 /* main.m */; };
		97ED58651C5796BC004724A3 /* AppDelegate.m in Sources */ = {isa = PBXBuildFile; fileRef = 97ED58641C5796BC004724A3 /* AppDelegate.m */; };
		97ED586B1C5796BC004724A3 /* Main.storyboard in Resources */ = {isa = PBXBuildFile; fileRef = 97ED58691C5796BC004724A3 /* Main.storyboard */; };
		97ED586E1C5796BC004724A3 /* CurrencyExchange.xcdatamodeld in Sources */ = {isa = PBXBuildFile; fileRef = 97ED586C1C5796BC004724A3 /* CurrencyExchange.xcdatamodeld */; };
		97ED58701C5796BC004724A3 /* Assets.xcassets in Resources */ = {isa = PBXBuildFile; fileRef = 97ED586F1C5796BC004724A3 /* Assets.xcassets */; };
		97ED58731C5796BC004724A3 /* LaunchScreen.storyboard in Resources */ = {isa = PBXBuildFile; fileRef = 97ED58711C5796BC004724A3 /* LaunchScreen.storyboard */; };
		EF0616991C5B524C0097B505 /* BankData+CoreDataProperties.m in Sources */ = {isa = PBXBuildFile; fileRef = EF06168A1C5B524C0097B505 /* BankData+CoreDataProperties.m */; };
		EF06169A1C5B524C0097B505 /* BankData.m in Sources */ = {isa = PBXBuildFile; fileRef = EF06168C1C5B524C0097B505 /* BankData.m */; };
		EF06169B1C5B524C0097B505 /* ObjectData+CoreDataProperties.m in Sources */ = {isa = PBXBuildFile; fileRef = EF06168E1C5B524C0097B505 /* ObjectData+CoreDataProperties.m */; };
		EF06169C1C5B524C0097B505 /* ObjectData.m in Sources */ = {isa = PBXBuildFile; fileRef = EF0616901C5B524C0097B505 /* ObjectData.m */; };
		EF06169D1C5B524C0097B505 /* CurrencyData+CoreDataProperties.m in Sources */ = {isa = PBXBuildFile; fileRef = EF0616921C5B524C0097B505 /* CurrencyData+CoreDataProperties.m */; };
		EF06169E1C5B524C0097B505 /* CurrencyData.m in Sources */ = {isa = PBXBuildFile; fileRef = EF0616941C5B524C0097B505 /* CurrencyData.m */; };
		EF06169F1C5B524C0097B505 /* BranchData+CoreDataProperties.m in Sources */ = {isa = PBXBuildFile; fileRef = EF0616961C5B524C0097B505 /* BranchData+CoreDataProperties.m */; };
		EF0616A01C5B524C0097B505 /* BranchData.m in Sources */ = {isa = PBXBuildFile; fileRef = EF0616981C5B524C0097B505 /* BranchData.m */; };
		EF0616A61C5B52A90097B505 /* JSONParseCoreDataSave.m in Sources */ = {isa = PBXBuildFile; fileRef = EF0616A51C5B52A90097B505 /* JSONParseCoreDataSave.m */; };
		EF0616AF1C5B983A0097B505 /* TestCoreData.m in Sources */ = {isa = PBXBuildFile; fileRef = EF0616AE1C5B983A0097B505 /* TestCoreData.m */; };
/* End PBXBuildFile section */

/* Begin PBXFileReference section */
		6A193CEA1C57BD3800093B36 /* EarnMoneyViewController.h */ = {isa = PBXFileReference; fileEncoding = 4; lastKnownFileType = sourcecode.c.h; path = EarnMoneyViewController.h; sourceTree = "<group>"; };
		6A193CEB1C57BD3800093B36 /* EarnMoneyViewController.m */ = {isa = PBXFileReference; fileEncoding = 4; lastKnownFileType = sourcecode.c.objc; path = EarnMoneyViewController.m; sourceTree = "<group>"; };
		6A193CED1C57C13E00093B36 /* AddControlPointToEarnMoneyViewController.h */ = {isa = PBXFileReference; fileEncoding = 4; lastKnownFileType = sourcecode.c.h; path = AddControlPointToEarnMoneyViewController.h; sourceTree = "<group>"; };
		6A193CEE1C57C13E00093B36 /* AddControlPointToEarnMoneyViewController.m */ = {isa = PBXFileReference; fileEncoding = 4; lastKnownFileType = sourcecode.c.objc; path = AddControlPointToEarnMoneyViewController.m; sourceTree = "<group>"; };
		6A193CF01C57C9E900093B36 /* ShareGoalsViewController.h */ = {isa = PBXFileReference; fileEncoding = 4; lastKnownFileType = sourcecode.c.h; path = ShareGoalsViewController.h; sourceTree = "<group>"; };
		6A193CF11C57C9E900093B36 /* ShareGoalsViewController.m */ = {isa = PBXFileReference; fileEncoding = 4; lastKnownFileType = sourcecode.c.objc; path = ShareGoalsViewController.m; sourceTree = "<group>"; };
		6A193CF31C57CF0500093B36 /* WebSharingViewController.h */ = {isa = PBXFileReference; fileEncoding = 4; lastKnownFileType = sourcecode.c.h; path = WebSharingViewController.h; sourceTree = "<group>"; };
		6A193CF41C57CF0500093B36 /* WebSharingViewController.m */ = {isa = PBXFileReference; fileEncoding = 4; lastKnownFileType = sourcecode.c.objc; path = WebSharingViewController.m; sourceTree = "<group>"; };
		6A193CF61C57DB3000093B36 /* BanksTableViewController.h */ = {isa = PBXFileReference; fileEncoding = 4; lastKnownFileType = sourcecode.c.h; path = BanksTableViewController.h; sourceTree = "<group>"; };
		6A193CF71C57DB3000093B36 /* BanksTableViewController.m */ = {isa = PBXFileReference; fileEncoding = 4; lastKnownFileType = sourcecode.c.objc; path = BanksTableViewController.m; sourceTree = "<group>"; };
		6A19D05D1C58035900529993 /* EarnMoneyGraphView.h */ = {isa = PBXFileReference; fileEncoding = 4; lastKnownFileType = sourcecode.c.h; path = EarnMoneyGraphView.h; sourceTree = "<group>"; };
		6A19D05E1C58035900529993 /* EarnMoneyGraphView.m */ = {isa = PBXFileReference; fileEncoding = 4; lastKnownFileType = sourcecode.c.objc; path = EarnMoneyGraphView.m; sourceTree = "<group>"; };
		6A1DBB9C1C5957E700859520 /* ControllPoint.h */ = {isa = PBXFileReference; fileEncoding = 4; lastKnownFileType = sourcecode.c.h; path = ControllPoint.h; sourceTree = "<group>"; };
		6A1DBB9D1C5957E700859520 /* ControllPoint.m */ = {isa = PBXFileReference; fileEncoding = 4; lastKnownFileType = sourcecode.c.objc; path = ControllPoint.m; sourceTree = "<group>"; };
		6A29419E1C58CD7E00C5D207 /* MainScreenViewController.h */ = {isa = PBXFileReference; fileEncoding = 4; lastKnownFileType = sourcecode.c.h; path = MainScreenViewController.h; sourceTree = "<group>"; };
		6A29419F1C58CD7E00C5D207 /* MainScreenViewController.m */ = {isa = PBXFileReference; fileEncoding = 4; lastKnownFileType = sourcecode.c.objc; path = MainScreenViewController.m; sourceTree = "<group>"; };
		6A2989101C58AFDA006328A5 /* ConvertMoneyViewController.h */ = {isa = PBXFileReference; fileEncoding = 4; lastKnownFileType = sourcecode.c.h; path = ConvertMoneyViewController.h; sourceTree = "<group>"; };
		6A2989111C58AFDA006328A5 /* ConvertMoneyViewController.m */ = {isa = PBXFileReference; fileEncoding = 4; lastKnownFileType = sourcecode.c.objc; path = ConvertMoneyViewController.m; sourceTree = "<group>"; };
		6A29C59A1C5A3BB50032B74D /* GraphDrawer.h */ = {isa = PBXFileReference; fileEncoding = 4; lastKnownFileType = sourcecode.c.h; path = GraphDrawer.h; sourceTree = "<group>"; };
		6A29C59B1C5A3BB60032B74D /* GraphDrawer.m */ = {isa = PBXFileReference; fileEncoding = 4; lastKnownFileType = sourcecode.c.objc; path = GraphDrawer.m; sourceTree = "<group>"; };
		979339E11C58D9A000A674D1 /* CurencyCourseGraph.h */ = {isa = PBXFileReference; fileEncoding = 4; lastKnownFileType = sourcecode.c.h; path = CurencyCourseGraph.h; sourceTree = "<group>"; };
		979339E21C58D9A000A674D1 /* CurencyCourseGraph.m */ = {isa = PBXFileReference; fileEncoding = 4; lastKnownFileType = sourcecode.c.objc; path = CurencyCourseGraph.m; sourceTree = "<group>"; };
		97ED585D1C5796BC004724A3 /* CurrencyExchange.app */ = {isa = PBXFileReference; explicitFileType = wrapper.application; includeInIndex = 0; path = CurrencyExchange.app; sourceTree = BUILT_PRODUCTS_DIR; };
		97ED58611C5796BC004724A3 /* main.m */ = {isa = PBXFileReference; lastKnownFileType = sourcecode.c.objc; path = main.m; sourceTree = "<group>"; };
		97ED58631C5796BC004724A3 /* AppDelegate.h */ = {isa = PBXFileReference; lastKnownFileType = sourcecode.c.h; path = AppDelegate.h; sourceTree = "<group>"; };
		97ED58641C5796BC004724A3 /* AppDelegate.m */ = {isa = PBXFileReference; lastKnownFileType = sourcecode.c.objc; path = AppDelegate.m; sourceTree = "<group>"; };
		97ED586A1C5796BC004724A3 /* Base */ = {isa = PBXFileReference; lastKnownFileType = file.storyboard; name = Base; path = Base.lproj/Main.storyboard; sourceTree = "<group>"; };
		97ED586D1C5796BC004724A3 /* CurrencyExchange.xcdatamodel */ = {isa = PBXFileReference; lastKnownFileType = wrapper.xcdatamodel; path = CurrencyExchange.xcdatamodel; sourceTree = "<group>"; };
		97ED586F1C5796BC004724A3 /* Assets.xcassets */ = {isa = PBXFileReference; lastKnownFileType = folder.assetcatalog; path = Assets.xcassets; sourceTree = "<group>"; };
		97ED58721C5796BC004724A3 /* Base */ = {isa = PBXFileReference; lastKnownFileType = file.storyboard; name = Base; path = Base.lproj/LaunchScreen.storyboard; sourceTree = "<group>"; };
		97ED58741C5796BC004724A3 /* Info.plist */ = {isa = PBXFileReference; lastKnownFileType = text.plist.xml; path = Info.plist; sourceTree = "<group>"; };
		EF0616891C5B524C0097B505 /* BankData+CoreDataProperties.h */ = {isa = PBXFileReference; fileEncoding = 4; lastKnownFileType = sourcecode.c.h; path = "BankData+CoreDataProperties.h"; sourceTree = "<group>"; };
		EF06168A1C5B524C0097B505 /* BankData+CoreDataProperties.m */ = {isa = PBXFileReference; fileEncoding = 4; lastKnownFileType = sourcecode.c.objc; path = "BankData+CoreDataProperties.m"; sourceTree = "<group>"; };
		EF06168B1C5B524C0097B505 /* BankData.h */ = {isa = PBXFileReference; fileEncoding = 4; lastKnownFileType = sourcecode.c.h; path = BankData.h; sourceTree = "<group>"; };
		EF06168C1C5B524C0097B505 /* BankData.m */ = {isa = PBXFileReference; fileEncoding = 4; lastKnownFileType = sourcecode.c.objc; path = BankData.m; sourceTree = "<group>"; };
		EF06168D1C5B524C0097B505 /* ObjectData+CoreDataProperties.h */ = {isa = PBXFileReference; fileEncoding = 4; lastKnownFileType = sourcecode.c.h; path = "ObjectData+CoreDataProperties.h"; sourceTree = "<group>"; };
		EF06168E1C5B524C0097B505 /* ObjectData+CoreDataProperties.m */ = {isa = PBXFileReference; fileEncoding = 4; lastKnownFileType = sourcecode.c.objc; path = "ObjectData+CoreDataProperties.m"; sourceTree = "<group>"; };
		EF06168F1C5B524C0097B505 /* ObjectData.h */ = {isa = PBXFileReference; fileEncoding = 4; lastKnownFileType = sourcecode.c.h; path = ObjectData.h; sourceTree = "<group>"; };
		EF0616901C5B524C0097B505 /* ObjectData.m */ = {isa = PBXFileReference; fileEncoding = 4; lastKnownFileType = sourcecode.c.objc; path = ObjectData.m; sourceTree = "<group>"; };
		EF0616911C5B524C0097B505 /* CurrencyData+CoreDataProperties.h */ = {isa = PBXFileReference; fileEncoding = 4; lastKnownFileType = sourcecode.c.h; path = "CurrencyData+CoreDataProperties.h"; sourceTree = "<group>"; };
		EF0616921C5B524C0097B505 /* CurrencyData+CoreDataProperties.m */ = {isa = PBXFileReference; fileEncoding = 4; lastKnownFileType = sourcecode.c.objc; path = "CurrencyData+CoreDataProperties.m"; sourceTree = "<group>"; };
		EF0616931C5B524C0097B505 /* CurrencyData.h */ = {isa = PBXFileReference; fileEncoding = 4; lastKnownFileType = sourcecode.c.h; path = CurrencyData.h; sourceTree = "<group>"; };
		EF0616941C5B524C0097B505 /* CurrencyData.m */ = {isa = PBXFileReference; fileEncoding = 4; lastKnownFileType = sourcecode.c.objc; path = CurrencyData.m; sourceTree = "<group>"; };
		EF0616951C5B524C0097B505 /* BranchData+CoreDataProperties.h */ = {isa = PBXFileReference; fileEncoding = 4; lastKnownFileType = sourcecode.c.h; path = "BranchData+CoreDataProperties.h"; sourceTree = "<group>"; };
		EF0616961C5B524C0097B505 /* BranchData+CoreDataProperties.m */ = {isa = PBXFileReference; fileEncoding = 4; lastKnownFileType = sourcecode.c.objc; path = "BranchData+CoreDataProperties.m"; sourceTree = "<group>"; };
		EF0616971C5B524C0097B505 /* BranchData.h */ = {isa = PBXFileReference; fileEncoding = 4; lastKnownFileType = sourcecode.c.h; path = BranchData.h; sourceTree = "<group>"; };
		EF0616981C5B524C0097B505 /* BranchData.m */ = {isa = PBXFileReference; fileEncoding = 4; lastKnownFileType = sourcecode.c.objc; path = BranchData.m; sourceTree = "<group>"; };
		EF0616A41C5B52A90097B505 /* JSONParseCoreDataSave.h */ = {isa = PBXFileReference; fileEncoding = 4; lastKnownFileType = sourcecode.c.h; path = JSONParseCoreDataSave.h; sourceTree = "<group>"; };
		EF0616A51C5B52A90097B505 /* JSONParseCoreDataSave.m */ = {isa = PBXFileReference; fileEncoding = 4; lastKnownFileType = sourcecode.c.objc; path = JSONParseCoreDataSave.m; sourceTree = "<group>"; };
		EF0616AD1C5B983A0097B505 /* TestCoreData.h */ = {isa = PBXFileReference; fileEncoding = 4; lastKnownFileType = sourcecode.c.h; path = TestCoreData.h; sourceTree = "<group>"; };
		EF0616AE1C5B983A0097B505 /* TestCoreData.m */ = {isa = PBXFileReference; fileEncoding = 4; lastKnownFileType = sourcecode.c.objc; path = TestCoreData.m; sourceTree = "<group>"; };
/* End PBXFileReference section */

/* Begin PBXFrameworksBuildPhase section */
		97ED585A1C5796BC004724A3 /* Frameworks */ = {
			isa = PBXFrameworksBuildPhase;
			buildActionMask = 2147483647;
			files = (
			);
			runOnlyForDeploymentPostprocessing = 0;
		};
/* End PBXFrameworksBuildPhase section */

/* Begin PBXGroup section */
		6A29890C1C58AEFA006328A5 /* UI */ = {
			isa = PBXGroup;
			children = (
				6A29419E1C58CD7E00C5D207 /* MainScreenViewController.h */,
				6A29419F1C58CD7E00C5D207 /* MainScreenViewController.m */,
				979339E11C58D9A000A674D1 /* CurencyCourseGraph.h */,
				979339E21C58D9A000A674D1 /* CurencyCourseGraph.m */,
				6A29C59A1C5A3BB50032B74D /* GraphDrawer.h */,
				6A29C59B1C5A3BB60032B74D /* GraphDrawer.m */,
				6A29890F1C58AF44006328A5 /* show banks */,
				6A29890E1C58AF3D006328A5 /* earn */,
				6A29890D1C58AF32006328A5 /* convert */,
			);
			name = UI;
			sourceTree = "<group>";
		};
		6A29890D1C58AF32006328A5 /* convert */ = {
			isa = PBXGroup;
			children = (
				6A2989101C58AFDA006328A5 /* ConvertMoneyViewController.h */,
				6A2989111C58AFDA006328A5 /* ConvertMoneyViewController.m */,
			);
			name = convert;
			sourceTree = "<group>";
		};
		6A29890E1C58AF3D006328A5 /* earn */ = {
			isa = PBXGroup;
			children = (
				6A193CEA1C57BD3800093B36 /* EarnMoneyViewController.h */,
				6A193CEB1C57BD3800093B36 /* EarnMoneyViewController.m */,
				6A19D05D1C58035900529993 /* EarnMoneyGraphView.h */,
				6A19D05E1C58035900529993 /* EarnMoneyGraphView.m */,
				6A193CED1C57C13E00093B36 /* AddControlPointToEarnMoneyViewController.h */,
				6A193CEE1C57C13E00093B36 /* AddControlPointToEarnMoneyViewController.m */,
				6A1DBB9C1C5957E700859520 /* ControllPoint.h */,
				6A1DBB9D1C5957E700859520 /* ControllPoint.m */,
				6A193CF01C57C9E900093B36 /* ShareGoalsViewController.h */,
				6A193CF11C57C9E900093B36 /* ShareGoalsViewController.m */,
				6A193CF31C57CF0500093B36 /* WebSharingViewController.h */,
				6A193CF41C57CF0500093B36 /* WebSharingViewController.m */,
			);
			name = earn;
			sourceTree = "<group>";
		};
		6A29890F1C58AF44006328A5 /* show banks */ = {
			isa = PBXGroup;
			children = (
				6A193CF61C57DB3000093B36 /* BanksTableViewController.h */,
				6A193CF71C57DB3000093B36 /* BanksTableViewController.m */,
			);
			name = "show banks";
			sourceTree = "<group>";
		};
		97ED58541C5796BC004724A3 = {
			isa = PBXGroup;
			children = (
				97ED585F1C5796BC004724A3 /* CurrencyExchange */,
				97ED585E1C5796BC004724A3 /* Products */,
			);
			sourceTree = "<group>";
		};
		97ED585E1C5796BC004724A3 /* Products */ = {
			isa = PBXGroup;
			children = (
				97ED585D1C5796BC004724A3 /* CurrencyExchange.app */,
			);
			name = Products;
			sourceTree = "<group>";
		};
		97ED585F1C5796BC004724A3 /* CurrencyExchange */ = {
			isa = PBXGroup;
			children = (
				EFD86A811C5B4FF20015CC37 /* Processing Files */,
				EFD86A801C5B4FDF0015CC37 /* Core Data Models */,
				6A29890C1C58AEFA006328A5 /* UI */,
				97ED58691C5796BC004724A3 /* Main.storyboard */,
				97ED586C1C5796BC004724A3 /* CurrencyExchange.xcdatamodeld */,
				97ED58631C5796BC004724A3 /* AppDelegate.h */,
				97ED58641C5796BC004724A3 /* AppDelegate.m */,
				97ED586F1C5796BC004724A3 /* Assets.xcassets */,
				97ED58601C5796BC004724A3 /* Supporting Files */,
			);
			path = CurrencyExchange;
			sourceTree = "<group>";
		};
		97ED58601C5796BC004724A3 /* Supporting Files */ = {
			isa = PBXGroup;
			children = (
				97ED58711C5796BC004724A3 /* LaunchScreen.storyboard */,
				97ED58741C5796BC004724A3 /* Info.plist */,
				97ED58611C5796BC004724A3 /* main.m */,
			);
			name = "Supporting Files";
			sourceTree = "<group>";
		};
		EFD86A801C5B4FDF0015CC37 /* Core Data Models */ = {
			isa = PBXGroup;
			children = (
				EF0616891C5B524C0097B505 /* BankData+CoreDataProperties.h */,
				EF06168A1C5B524C0097B505 /* BankData+CoreDataProperties.m */,
				EF06168B1C5B524C0097B505 /* BankData.h */,
				EF06168C1C5B524C0097B505 /* BankData.m */,
				EF06168D1C5B524C0097B505 /* ObjectData+CoreDataProperties.h */,
				EF06168E1C5B524C0097B505 /* ObjectData+CoreDataProperties.m */,
				EF06168F1C5B524C0097B505 /* ObjectData.h */,
				EF0616901C5B524C0097B505 /* ObjectData.m */,
				EF0616911C5B524C0097B505 /* CurrencyData+CoreDataProperties.h */,
				EF0616921C5B524C0097B505 /* CurrencyData+CoreDataProperties.m */,
				EF0616931C5B524C0097B505 /* CurrencyData.h */,
				EF0616941C5B524C0097B505 /* CurrencyData.m */,
				EF0616951C5B524C0097B505 /* BranchData+CoreDataProperties.h */,
				EF0616961C5B524C0097B505 /* BranchData+CoreDataProperties.m */,
				EF0616971C5B524C0097B505 /* BranchData.h */,
				EF0616981C5B524C0097B505 /* BranchData.m */,
			);
			name = "Core Data Models";
			sourceTree = "<group>";
		};
		EFD86A811C5B4FF20015CC37 /* Processing Files */ = {
			isa = PBXGroup;
			children = (
				EF0616A41C5B52A90097B505 /* JSONParseCoreDataSave.h */,
				EF0616A51C5B52A90097B505 /* JSONParseCoreDataSave.m */,
				EF0616AD1C5B983A0097B505 /* TestCoreData.h */,
				EF0616AE1C5B983A0097B505 /* TestCoreData.m */,
			);
			name = "Processing Files";
			sourceTree = "<group>";
		};
/* End PBXGroup section */

/* Begin PBXNativeTarget section */
		97ED585C1C5796BC004724A3 /* CurrencyExchange */ = {
			isa = PBXNativeTarget;
			buildConfigurationList = 97ED58771C5796BC004724A3 /* Build configuration list for PBXNativeTarget "CurrencyExchange" */;
			buildPhases = (
				97ED58591C5796BC004724A3 /* Sources */,
				97ED585A1C5796BC004724A3 /* Frameworks */,
				97ED585B1C5796BC004724A3 /* Resources */,
			);
			buildRules = (
			);
			dependencies = (
			);
			name = CurrencyExchange;
			productName = CurrencyExchange;
			productReference = 97ED585D1C5796BC004724A3 /* CurrencyExchange.app */;
			productType = "com.apple.product-type.application";
		};
/* End PBXNativeTarget section */

/* Begin PBXProject section */
		97ED58551C5796BC004724A3 /* Project object */ = {
			isa = PBXProject;
			attributes = {
				LastUpgradeCheck = 0710;
				ORGANIZATIONNAME = "Roman Stasiv";
				TargetAttributes = {
					97ED585C1C5796BC004724A3 = {
						CreatedOnToolsVersion = 7.1.1;
					};
				};
			};
			buildConfigurationList = 97ED58581C5796BC004724A3 /* Build configuration list for PBXProject "CurrencyExchange" */;
			compatibilityVersion = "Xcode 3.2";
			developmentRegion = English;
			hasScannedForEncodings = 0;
			knownRegions = (
				en,
				Base,
			);
			mainGroup = 97ED58541C5796BC004724A3;
			productRefGroup = 97ED585E1C5796BC004724A3 /* Products */;
			projectDirPath = "";
			projectRoot = "";
			targets = (
				97ED585C1C5796BC004724A3 /* CurrencyExchange */,
			);
		};
/* End PBXProject section */

/* Begin PBXResourcesBuildPhase section */
		97ED585B1C5796BC004724A3 /* Resources */ = {
			isa = PBXResourcesBuildPhase;
			buildActionMask = 2147483647;
			files = (
				97ED58731C5796BC004724A3 /* LaunchScreen.storyboard in Resources */,
				97ED58701C5796BC004724A3 /* Assets.xcassets in Resources */,
				97ED586B1C5796BC004724A3 /* Main.storyboard in Resources */,
			);
			runOnlyForDeploymentPostprocessing = 0;
		};
/* End PBXResourcesBuildPhase section */

/* Begin PBXSourcesBuildPhase section */
		97ED58591C5796BC004724A3 /* Sources */ = {
			isa = PBXSourcesBuildPhase;
			buildActionMask = 2147483647;
			files = (
				EF06169D1C5B524C0097B505 /* CurrencyData+CoreDataProperties.m in Sources */,
				6A193CEF1C57C13E00093B36 /* AddControlPointToEarnMoneyViewController.m in Sources */,
				6A193CF21C57C9E900093B36 /* ShareGoalsViewController.m in Sources */,
				EF06169F1C5B524C0097B505 /* BranchData+CoreDataProperties.m in Sources */,
				EF0616AF1C5B983A0097B505 /* TestCoreData.m in Sources */,
				6A193CF81C57DB3000093B36 /* BanksTableViewController.m in Sources */,
				97ED58651C5796BC004724A3 /* AppDelegate.m in Sources */,
				6A193CEC1C57BD3800093B36 /* EarnMoneyViewController.m in Sources */,
				EF06169E1C5B524C0097B505 /* CurrencyData.m in Sources */,
				6A1DBB9E1C5957E700859520 /* ControllPoint.m in Sources */,
				EF06169B1C5B524C0097B505 /* ObjectData+CoreDataProperties.m in Sources */,
				6A2989121C58AFDA006328A5 /* ConvertMoneyViewController.m in Sources */,
				EF06169C1C5B524C0097B505 /* ObjectData.m in Sources */,
				6A19D05F1C58035900529993 /* EarnMoneyGraphView.m in Sources */,
				EF0616A01C5B524C0097B505 /* BranchData.m in Sources */,
				EF0616991C5B524C0097B505 /* BankData+CoreDataProperties.m in Sources */,
				979339E31C58D9A000A674D1 /* CurencyCourseGraph.m in Sources */,
				6A29C59C1C5A3BB60032B74D /* GraphDrawer.m in Sources */,
				EF0616A61C5B52A90097B505 /* JSONParseCoreDataSave.m in Sources */,
				EF06169A1C5B524C0097B505 /* BankData.m in Sources */,
				97ED58621C5796BC004724A3 /* main.m in Sources */,
				6A2941A01C58CD7E00C5D207 /* MainScreenViewController.m in Sources */,
				6A193CF51C57CF0500093B36 /* WebSharingViewController.m in Sources */,
				97ED586E1C5796BC004724A3 /* CurrencyExchange.xcdatamodeld in Sources */,
			);
			runOnlyForDeploymentPostprocessing = 0;
		};
/* End PBXSourcesBuildPhase section */

/* Begin PBXVariantGroup section */
		97ED58691C5796BC004724A3 /* Main.storyboard */ = {
			isa = PBXVariantGroup;
			children = (
				97ED586A1C5796BC004724A3 /* Base */,
			);
			name = Main.storyboard;
			sourceTree = "<group>";
		};
		97ED58711C5796BC004724A3 /* LaunchScreen.storyboard */ = {
			isa = PBXVariantGroup;
			children = (
				97ED58721C5796BC004724A3 /* Base */,
			);
			name = LaunchScreen.storyboard;
			sourceTree = "<group>";
		};
/* End PBXVariantGroup section */

/* Begin XCBuildConfiguration section */
		97ED58751C5796BC004724A3 /* Debug */ = {
			isa = XCBuildConfiguration;
			buildSettings = {
				ALWAYS_SEARCH_USER_PATHS = NO;
				CLANG_CXX_LANGUAGE_STANDARD = "gnu++0x";
				CLANG_CXX_LIBRARY = "libc++";
				CLANG_ENABLE_MODULES = YES;
				CLANG_ENABLE_OBJC_ARC = YES;
				CLANG_WARN_BOOL_CONVERSION = YES;
				CLANG_WARN_CONSTANT_CONVERSION = YES;
				CLANG_WARN_DIRECT_OBJC_ISA_USAGE = YES_ERROR;
				CLANG_WARN_EMPTY_BODY = YES;
				CLANG_WARN_ENUM_CONVERSION = YES;
				CLANG_WARN_INT_CONVERSION = YES;
				CLANG_WARN_OBJC_ROOT_CLASS = YES_ERROR;
				CLANG_WARN_UNREACHABLE_CODE = YES;
				CLANG_WARN__DUPLICATE_METHOD_MATCH = YES;
				"CODE_SIGN_IDENTITY[sdk=iphoneos*]" = "iPhone Developer";
				COPY_PHASE_STRIP = NO;
				DEBUG_INFORMATION_FORMAT = dwarf;
				ENABLE_STRICT_OBJC_MSGSEND = YES;
				ENABLE_TESTABILITY = YES;
				GCC_C_LANGUAGE_STANDARD = gnu99;
				GCC_DYNAMIC_NO_PIC = NO;
				GCC_NO_COMMON_BLOCKS = YES;
				GCC_OPTIMIZATION_LEVEL = 0;
				GCC_PREPROCESSOR_DEFINITIONS = (
					"DEBUG=1",
					"$(inherited)",
				);
				GCC_WARN_64_TO_32_BIT_CONVERSION = YES;
				GCC_WARN_ABOUT_RETURN_TYPE = YES_ERROR;
				GCC_WARN_UNDECLARED_SELECTOR = YES;
				GCC_WARN_UNINITIALIZED_AUTOS = YES_AGGRESSIVE;
				GCC_WARN_UNUSED_FUNCTION = YES;
				GCC_WARN_UNUSED_VARIABLE = YES;
				IPHONEOS_DEPLOYMENT_TARGET = 9.1;
				MTL_ENABLE_DEBUG_INFO = YES;
				ONLY_ACTIVE_ARCH = YES;
				SDKROOT = iphoneos;
				TARGETED_DEVICE_FAMILY = "1,2";
			};
			name = Debug;
		};
		97ED58761C5796BC004724A3 /* Release */ = {
			isa = XCBuildConfiguration;
			buildSettings = {
				ALWAYS_SEARCH_USER_PATHS = NO;
				CLANG_CXX_LANGUAGE_STANDARD = "gnu++0x";
				CLANG_CXX_LIBRARY = "libc++";
				CLANG_ENABLE_MODULES = YES;
				CLANG_ENABLE_OBJC_ARC = YES;
				CLANG_WARN_BOOL_CONVERSION = YES;
				CLANG_WARN_CONSTANT_CONVERSION = YES;
				CLANG_WARN_DIRECT_OBJC_ISA_USAGE = YES_ERROR;
				CLANG_WARN_EMPTY_BODY = YES;
				CLANG_WARN_ENUM_CONVERSION = YES;
				CLANG_WARN_INT_CONVERSION = YES;
				CLANG_WARN_OBJC_ROOT_CLASS = YES_ERROR;
				CLANG_WARN_UNREACHABLE_CODE = YES;
				CLANG_WARN__DUPLICATE_METHOD_MATCH = YES;
				"CODE_SIGN_IDENTITY[sdk=iphoneos*]" = "iPhone Developer";
				COPY_PHASE_STRIP = NO;
				DEBUG_INFORMATION_FORMAT = "dwarf-with-dsym";
				ENABLE_NS_ASSERTIONS = NO;
				ENABLE_STRICT_OBJC_MSGSEND = YES;
				GCC_C_LANGUAGE_STANDARD = gnu99;
				GCC_NO_COMMON_BLOCKS = YES;
				GCC_WARN_64_TO_32_BIT_CONVERSION = YES;
				GCC_WARN_ABOUT_RETURN_TYPE = YES_ERROR;
				GCC_WARN_UNDECLARED_SELECTOR = YES;
				GCC_WARN_UNINITIALIZED_AUTOS = YES_AGGRESSIVE;
				GCC_WARN_UNUSED_FUNCTION = YES;
				GCC_WARN_UNUSED_VARIABLE = YES;
				IPHONEOS_DEPLOYMENT_TARGET = 9.1;
				MTL_ENABLE_DEBUG_INFO = NO;
				SDKROOT = iphoneos;
				TARGETED_DEVICE_FAMILY = "1,2";
				VALIDATE_PRODUCT = YES;
			};
			name = Release;
		};
		97ED58781C5796BC004724A3 /* Debug */ = {
			isa = XCBuildConfiguration;
			buildSettings = {
				ASSETCATALOG_COMPILER_APPICON_NAME = AppIcon;
				INFOPLIST_FILE = CurrencyExchange/Info.plist;
				LD_RUNPATH_SEARCH_PATHS = "$(inherited) @executable_path/Frameworks";
				PRODUCT_BUNDLE_IDENTIFIER = "lv-ios171.CurrencyExchange";
				PRODUCT_NAME = "$(TARGET_NAME)";
			};
			name = Debug;
		};
		97ED58791C5796BC004724A3 /* Release */ = {
			isa = XCBuildConfiguration;
			buildSettings = {
				ASSETCATALOG_COMPILER_APPICON_NAME = AppIcon;
				INFOPLIST_FILE = CurrencyExchange/Info.plist;
				LD_RUNPATH_SEARCH_PATHS = "$(inherited) @executable_path/Frameworks";
				PRODUCT_BUNDLE_IDENTIFIER = "lv-ios171.CurrencyExchange";
				PRODUCT_NAME = "$(TARGET_NAME)";
			};
			name = Release;
		};
/* End XCBuildConfiguration section */

/* Begin XCConfigurationList section */
		97ED58581C5796BC004724A3 /* Build configuration list for PBXProject "CurrencyExchange" */ = {
			isa = XCConfigurationList;
			buildConfigurations = (
				97ED58751C5796BC004724A3 /* Debug */,
				97ED58761C5796BC004724A3 /* Release */,
			);
			defaultConfigurationIsVisible = 0;
			defaultConfigurationName = Release;
		};
		97ED58771C5796BC004724A3 /* Build configuration list for PBXNativeTarget "CurrencyExchange" */ = {
			isa = XCConfigurationList;
			buildConfigurations = (
				97ED58781C5796BC004724A3 /* Debug */,
				97ED58791C5796BC004724A3 /* Release */,
			);
			defaultConfigurationIsVisible = 0;
			defaultConfigurationName = Release;
		};
/* End XCConfigurationList section */

/* Begin XCVersionGroup section */
		97ED586C1C5796BC004724A3 /* CurrencyExchange.xcdatamodeld */ = {
			isa = XCVersionGroup;
			children = (
				97ED586D1C5796BC004724A3 /* CurrencyExchange.xcdatamodel */,
			);
			currentVersion = 97ED586D1C5796BC004724A3 /* CurrencyExchange.xcdatamodel */;
			path = CurrencyExchange.xcdatamodeld;
			sourceTree = "<group>";
			versionGroupType = wrapper.xcdatamodel;
		};
/* End XCVersionGroup section */
	};
	rootObject = 97ED58551C5796BC004724A3 /* Project object */;
}
